// !$*UTF8*$!
{
	archiveVersion = 1;
	classes = {
	};
	objectVersion = 50;
	objects = {

/* Begin PBXBuildFile section */
		D61957BF23228C3A0055559F /* popUpViewController.swift in Sources */ = {isa = PBXBuildFile; fileRef = D61957BE23228C3A0055559F /* popUpViewController.swift */; };
		D61957C123229A030055559F /* TableItemModel.swift in Sources */ = {isa = PBXBuildFile; fileRef = D61957C023229A030055559F /* TableItemModel.swift */; };
		D61957C323229C290055559F /* TableUtils.swift in Sources */ = {isa = PBXBuildFile; fileRef = D61957C223229C290055559F /* TableUtils.swift */; };
		D61A44D82321CC1C00F8C86F /* floorCollectionViewCell.swift in Sources */ = {isa = PBXBuildFile; fileRef = D61A44D62321CC1C00F8C86F /* floorCollectionViewCell.swift */; };
		D61A44D92321CC1C00F8C86F /* floorCollectionViewCell.xib in Resources */ = {isa = PBXBuildFile; fileRef = D61A44D72321CC1C00F8C86F /* floorCollectionViewCell.xib */; };
		D69C96B2232148970054CB6B /* AppDelegate.swift in Sources */ = {isa = PBXBuildFile; fileRef = D69C96B1232148970054CB6B /* AppDelegate.swift */; };
		D69C96B4232148970054CB6B /* TableViewController.swift in Sources */ = {isa = PBXBuildFile; fileRef = D69C96B3232148970054CB6B /* TableViewController.swift */; };
		D69C96B7232148970054CB6B /* Main.storyboard in Resources */ = {isa = PBXBuildFile; fileRef = D69C96B5232148970054CB6B /* Main.storyboard */; };
		D69C96B9232148990054CB6B /* Assets.xcassets in Resources */ = {isa = PBXBuildFile; fileRef = D69C96B8232148990054CB6B /* Assets.xcassets */; };
		D69C96BC232148990054CB6B /* LaunchScreen.storyboard in Resources */ = {isa = PBXBuildFile; fileRef = D69C96BA232148990054CB6B /* LaunchScreen.storyboard */; };
		D69C96C523214B0F0054CB6B /* tableCollectionViewCell.swift in Sources */ = {isa = PBXBuildFile; fileRef = D69C96C323214B0F0054CB6B /* tableCollectionViewCell.swift */; };
		D69C96C623214B0F0054CB6B /* tableCollectionViewCell.xib in Resources */ = {isa = PBXBuildFile; fileRef = D69C96C423214B0F0054CB6B /* tableCollectionViewCell.xib */; };
/* End PBXBuildFile section */

/* Begin PBXFileReference section */
		D61957BE23228C3A0055559F /* popUpViewController.swift */ = {isa = PBXFileReference; lastKnownFileType = sourcecode.swift; path = popUpViewController.swift; sourceTree = "<group>"; };
		D61957C023229A030055559F /* TableItemModel.swift */ = {isa = PBXFileReference; lastKnownFileType = sourcecode.swift; path = TableItemModel.swift; sourceTree = "<group>"; };
		D61957C223229C290055559F /* TableUtils.swift */ = {isa = PBXFileReference; lastKnownFileType = sourcecode.swift; path = TableUtils.swift; sourceTree = "<group>"; };
		D61A44D62321CC1C00F8C86F /* floorCollectionViewCell.swift */ = {isa = PBXFileReference; lastKnownFileType = sourcecode.swift; path = floorCollectionViewCell.swift; sourceTree = "<group>"; };
		D61A44D72321CC1C00F8C86F /* floorCollectionViewCell.xib */ = {isa = PBXFileReference; lastKnownFileType = file.xib; path = floorCollectionViewCell.xib; sourceTree = "<group>"; };
		D69C96AE232148970054CB6B /* orderProject2.app */ = {isa = PBXFileReference; explicitFileType = wrapper.application; includeInIndex = 0; path = orderProject2.app; sourceTree = BUILT_PRODUCTS_DIR; };
		D69C96B1232148970054CB6B /* AppDelegate.swift */ = {isa = PBXFileReference; lastKnownFileType = sourcecode.swift; path = AppDelegate.swift; sourceTree = "<group>"; };
		D69C96B3232148970054CB6B /* TableViewController.swift */ = {isa = PBXFileReference; lastKnownFileType = sourcecode.swift; path = TableViewController.swift; sourceTree = "<group>"; };
		D69C96B6232148970054CB6B /* Base */ = {isa = PBXFileReference; lastKnownFileType = file.storyboard; name = Base; path = Base.lproj/Main.storyboard; sourceTree = "<group>"; };
		D69C96B8232148990054CB6B /* Assets.xcassets */ = {isa = PBXFileReference; lastKnownFileType = folder.assetcatalog; path = Assets.xcassets; sourceTree = "<group>"; };
		D69C96BB232148990054CB6B /* Base */ = {isa = PBXFileReference; lastKnownFileType = file.storyboard; name = Base; path = Base.lproj/LaunchScreen.storyboard; sourceTree = "<group>"; };
		D69C96BD232148990054CB6B /* Info.plist */ = {isa = PBXFileReference; lastKnownFileType = text.plist.xml; path = Info.plist; sourceTree = "<group>"; };
		D69C96C323214B0F0054CB6B /* tableCollectionViewCell.swift */ = {isa = PBXFileReference; lastKnownFileType = sourcecode.swift; path = tableCollectionViewCell.swift; sourceTree = "<group>"; };
		D69C96C423214B0F0054CB6B /* tableCollectionViewCell.xib */ = {isa = PBXFileReference; lastKnownFileType = file.xib; path = tableCollectionViewCell.xib; sourceTree = "<group>"; };
/* End PBXFileReference section */

/* Begin PBXFrameworksBuildPhase section */
		D69C96AB232148970054CB6B /* Frameworks */ = {
			isa = PBXFrameworksBuildPhase;
			buildActionMask = 2147483647;
			files = (
			);
			runOnlyForDeploymentPostprocessing = 0;
		};
/* End PBXFrameworksBuildPhase section */

/* Begin PBXGroup section */
		D696FE2023253E3B008BBB23 /* Controller */ = {
			isa = PBXGroup;
			children = (
				D69C96B3232148970054CB6B /* TableViewController.swift */,
				D61957BE23228C3A0055559F /* popUpViewController.swift */,
				D69C96C323214B0F0054CB6B /* tableCollectionViewCell.swift */,
				D69C96C423214B0F0054CB6B /* tableCollectionViewCell.xib */,
				D61A44D62321CC1C00F8C86F /* floorCollectionViewCell.swift */,
				D61A44D72321CC1C00F8C86F /* floorCollectionViewCell.xib */,
			);
			path = Controller;
			sourceTree = "<group>";
		};
		D696FE2123253E64008BBB23 /* Model */ = {
			isa = PBXGroup;
			children = (
				D61957C023229A030055559F /* TableItemModel.swift */,
				D61957C223229C290055559F /* TableUtils.swift */,
			);
			path = Model;
			sourceTree = "<group>";
		};
		D696FE2223253E7B008BBB23 /* View */ = {
			isa = PBXGroup;
			children = (
				D69C96B5232148970054CB6B /* Main.storyboard */,
				D69C96BA232148990054CB6B /* LaunchScreen.storyboard */,
				D69C96B8232148990054CB6B /* Assets.xcassets */,
			);
			path = View;
			sourceTree = "<group>";
		};
		D696FE2323253E88008BBB23 /* Supporting Files */ = {
			isa = PBXGroup;
			children = (
				D69C96BD232148990054CB6B /* Info.plist */,
				D69C96B1232148970054CB6B /* AppDelegate.swift */,
			);
			path = "Supporting Files";
			sourceTree = "<group>";
		};
		D69C96A5232148970054CB6B = {
			isa = PBXGroup;
			children = (
				D69C96B0232148970054CB6B /* orderProject2 */,
				D69C96AF232148970054CB6B /* Products */,
			);
			sourceTree = "<group>";
		};
		D69C96AF232148970054CB6B /* Products */ = {
			isa = PBXGroup;
			children = (
				D69C96AE232148970054CB6B /* orderProject2.app */,
			);
			name = Products;
			sourceTree = "<group>";
		};
		D69C96B0232148970054CB6B /* orderProject2 */ = {
			isa = PBXGroup;
			children = (
				D696FE2323253E88008BBB23 /* Supporting Files */,
				D696FE2223253E7B008BBB23 /* View */,
				D696FE2123253E64008BBB23 /* Model */,
				D696FE2023253E3B008BBB23 /* Controller */,
			);
			path = orderProject2;
			sourceTree = "<group>";
		};
/* End PBXGroup section */

/* Begin PBXNativeTarget section */
		D69C96AD232148970054CB6B /* orderProject2 */ = {
			isa = PBXNativeTarget;
			buildConfigurationList = D69C96C0232148990054CB6B /* Build configuration list for PBXNativeTarget "orderProject2" */;
			buildPhases = (
				D69C96AA232148970054CB6B /* Sources */,
				D69C96AB232148970054CB6B /* Frameworks */,
				D69C96AC232148970054CB6B /* Resources */,
			);
			buildRules = (
			);
			dependencies = (
			);
			name = orderProject2;
			productName = orderProject2;
			productReference = D69C96AE232148970054CB6B /* orderProject2.app */;
			productType = "com.apple.product-type.application";
		};
/* End PBXNativeTarget section */

/* Begin PBXProject section */
		D69C96A6232148970054CB6B /* Project object */ = {
			isa = PBXProject;
			attributes = {
				LastSwiftUpdateCheck = 1030;
				LastUpgradeCheck = 1030;
				ORGANIZATIONNAME = "Phu Vu";
				TargetAttributes = {
					D69C96AD232148970054CB6B = {
						CreatedOnToolsVersion = 10.3;
					};
				};
			};
			buildConfigurationList = D69C96A9232148970054CB6B /* Build configuration list for PBXProject "orderProject2" */;
			compatibilityVersion = "Xcode 9.3";
			developmentRegion = en;
			hasScannedForEncodings = 0;
			knownRegions = (
				en,
				Base,
			);
			mainGroup = D69C96A5232148970054CB6B;
			productRefGroup = D69C96AF232148970054CB6B /* Products */;
			projectDirPath = "";
			projectRoot = "";
			targets = (
				D69C96AD232148970054CB6B /* orderProject2 */,
			);
		};
/* End PBXProject section */

/* Begin PBXResourcesBuildPhase section */
		D69C96AC232148970054CB6B /* Resources */ = {
			isa = PBXResourcesBuildPhase;
			buildActionMask = 2147483647;
			files = (
				D69C96BC232148990054CB6B /* LaunchScreen.storyboard in Resources */,
				D69C96B9232148990054CB6B /* Assets.xcassets in Resources */,
				D61A44D92321CC1C00F8C86F /* floorCollectionViewCell.xib in Resources */,
				D69C96B7232148970054CB6B /* Main.storyboard in Resources */,
				D69C96C623214B0F0054CB6B /* tableCollectionViewCell.xib in Resources */,
			);
			runOnlyForDeploymentPostprocessing = 0;
		};
/* End PBXResourcesBuildPhase section */

/* Begin PBXSourcesBuildPhase section */
		D69C96AA232148970054CB6B /* Sources */ = {
			isa = PBXSourcesBuildPhase;
			buildActionMask = 2147483647;
			files = (
				D69C96B4232148970054CB6B /* TableViewController.swift in Sources */,
				D61957BF23228C3A0055559F /* popUpViewController.swift in Sources */,
				D61A44D82321CC1C00F8C86F /* floorCollectionViewCell.swift in Sources */,
				D61957C123229A030055559F /* TableItemModel.swift in Sources */,
				D69C96B2232148970054CB6B /* AppDelegate.swift in Sources */,
				D69C96C523214B0F0054CB6B /* tableCollectionViewCell.swift in Sources */,
				D61957C323229C290055559F /* TableUtils.swift in Sources */,
			);
			runOnlyForDeploymentPostprocessing = 0;
		};
/* End PBXSourcesBuildPhase section */

/* Begin PBXVariantGroup section */
		D69C96B5232148970054CB6B /* Main.storyboard */ = {
			isa = PBXVariantGroup;
			children = (
				D69C96B6232148970054CB6B /* Base */,
			);
			name = Main.storyboard;
			sourceTree = "<group>";
		};
		D69C96BA232148990054CB6B /* LaunchScreen.storyboard */ = {
			isa = PBXVariantGroup;
			children = (
				D69C96BB232148990054CB6B /* Base */,
			);
			name = LaunchScreen.storyboard;
			sourceTree = "<group>";
		};
/* End PBXVariantGroup section */

/* Begin XCBuildConfiguration section */
		D69C96BE232148990054CB6B /* Debug */ = {
			isa = XCBuildConfiguration;
			buildSettings = {
				ALWAYS_SEARCH_USER_PATHS = NO;
				CLANG_ANALYZER_NONNULL = YES;
				CLANG_ANALYZER_NUMBER_OBJECT_CONVERSION = YES_AGGRESSIVE;
				CLANG_CXX_LANGUAGE_STANDARD = "gnu++14";
				CLANG_CXX_LIBRARY = "libc++";
				CLANG_ENABLE_MODULES = YES;
				CLANG_ENABLE_OBJC_ARC = YES;
				CLANG_ENABLE_OBJC_WEAK = YES;
				CLANG_WARN_BLOCK_CAPTURE_AUTORELEASING = YES;
				CLANG_WARN_BOOL_CONVERSION = YES;
				CLANG_WARN_COMMA = YES;
				CLANG_WARN_CONSTANT_CONVERSION = YES;
				CLANG_WARN_DEPRECATED_OBJC_IMPLEMENTATIONS = YES;
				CLANG_WARN_DIRECT_OBJC_ISA_USAGE = YES_ERROR;
				CLANG_WARN_DOCUMENTATION_COMMENTS = YES;
				CLANG_WARN_EMPTY_BODY = YES;
				CLANG_WARN_ENUM_CONVERSION = YES;
				CLANG_WARN_INFINITE_RECURSION = YES;
				CLANG_WARN_INT_CONVERSION = YES;
				CLANG_WARN_NON_LITERAL_NULL_CONVERSION = YES;
				CLANG_WARN_OBJC_IMPLICIT_RETAIN_SELF = YES;
				CLANG_WARN_OBJC_LITERAL_CONVERSION = YES;
				CLANG_WARN_OBJC_ROOT_CLASS = YES_ERROR;
				CLANG_WARN_RANGE_LOOP_ANALYSIS = YES;
				CLANG_WARN_STRICT_PROTOTYPES = YES;
				CLANG_WARN_SUSPICIOUS_MOVE = YES;
				CLANG_WARN_UNGUARDED_AVAILABILITY = YES_AGGRESSIVE;
				CLANG_WARN_UNREACHABLE_CODE = YES;
				CLANG_WARN__DUPLICATE_METHOD_MATCH = YES;
				CODE_SIGN_IDENTITY = "iPhone Developer";
				COPY_PHASE_STRIP = NO;
				DEBUG_INFORMATION_FORMAT = dwarf;
				ENABLE_STRICT_OBJC_MSGSEND = YES;
				ENABLE_TESTABILITY = YES;
				GCC_C_LANGUAGE_STANDARD = gnu11;
				GCC_DYNAMIC_NO_PIC = NO;
				GCC_NO_COMMON_BLOCKS = YES;
				GCC_OPTIMIZATION_LEVEL = 0;
				GCC_PREPROCESSOR_DEFINITIONS = (
					"DEBUG=1",
					"$(inherited)",
				);
				GCC_WARN_64_TO_32_BIT_CONVERSION = YES;
				GCC_WARN_ABOUT_RETURN_TYPE = YES_ERROR;
				GCC_WARN_UNDECLARED_SELECTOR = YES;
				GCC_WARN_UNINITIALIZED_AUTOS = YES_AGGRESSIVE;
				GCC_WARN_UNUSED_FUNCTION = YES;
				GCC_WARN_UNUSED_VARIABLE = YES;
				IPHONEOS_DEPLOYMENT_TARGET = 12.4;
				MTL_ENABLE_DEBUG_INFO = INCLUDE_SOURCE;
				MTL_FAST_MATH = YES;
				ONLY_ACTIVE_ARCH = YES;
				SDKROOT = iphoneos;
				SWIFT_ACTIVE_COMPILATION_CONDITIONS = DEBUG;
				SWIFT_OPTIMIZATION_LEVEL = "-Onone";
			};
			name = Debug;
		};
		D69C96BF232148990054CB6B /* Release */ = {
			isa = XCBuildConfiguration;
			buildSettings = {
				ALWAYS_SEARCH_USER_PATHS = NO;
				CLANG_ANALYZER_NONNULL = YES;
				CLANG_ANALYZER_NUMBER_OBJECT_CONVERSION = YES_AGGRESSIVE;
				CLANG_CXX_LANGUAGE_STANDARD = "gnu++14";
				CLANG_CXX_LIBRARY = "libc++";
				CLANG_ENABLE_MODULES = YES;
				CLANG_ENABLE_OBJC_ARC = YES;
				CLANG_ENABLE_OBJC_WEAK = YES;
				CLANG_WARN_BLOCK_CAPTURE_AUTORELEASING = YES;
				CLANG_WARN_BOOL_CONVERSION = YES;
				CLANG_WARN_COMMA = YES;
				CLANG_WARN_CONSTANT_CONVERSION = YES;
				CLANG_WARN_DEPRECATED_OBJC_IMPLEMENTATIONS = YES;
				CLANG_WARN_DIRECT_OBJC_ISA_USAGE = YES_ERROR;
				CLANG_WARN_DOCUMENTATION_COMMENTS = YES;
				CLANG_WARN_EMPTY_BODY = YES;
				CLANG_WARN_ENUM_CONVERSION = YES;
				CLANG_WARN_INFINITE_RECURSION = YES;
				CLANG_WARN_INT_CONVERSION = YES;
				CLANG_WARN_NON_LITERAL_NULL_CONVERSION = YES;
				CLANG_WARN_OBJC_IMPLICIT_RETAIN_SELF = YES;
				CLANG_WARN_OBJC_LITERAL_CONVERSION = YES;
				CLANG_WARN_OBJC_ROOT_CLASS = YES_ERROR;
				CLANG_WARN_RANGE_LOOP_ANALYSIS = YES;
				CLANG_WARN_STRICT_PROTOTYPES = YES;
				CLANG_WARN_SUSPICIOUS_MOVE = YES;
				CLANG_WARN_UNGUARDED_AVAILABILITY = YES_AGGRESSIVE;
				CLANG_WARN_UNREACHABLE_CODE = YES;
				CLANG_WARN__DUPLICATE_METHOD_MATCH = YES;
				CODE_SIGN_IDENTITY = "iPhone Developer";
				COPY_PHASE_STRIP = NO;
				DEBUG_INFORMATION_FORMAT = "dwarf-with-dsym";
				ENABLE_NS_ASSERTIONS = NO;
				ENABLE_STRICT_OBJC_MSGSEND = YES;
				GCC_C_LANGUAGE_STANDARD = gnu11;
				GCC_NO_COMMON_BLOCKS = YES;
				GCC_WARN_64_TO_32_BIT_CONVERSION = YES;
				GCC_WARN_ABOUT_RETURN_TYPE = YES_ERROR;
				GCC_WARN_UNDECLARED_SELECTOR = YES;
				GCC_WARN_UNINITIALIZED_AUTOS = YES_AGGRESSIVE;
				GCC_WARN_UNUSED_FUNCTION = YES;
				GCC_WARN_UNUSED_VARIABLE = YES;
				IPHONEOS_DEPLOYMENT_TARGET = 12.4;
				MTL_ENABLE_DEBUG_INFO = NO;
				MTL_FAST_MATH = YES;
				SDKROOT = iphoneos;
				SWIFT_COMPILATION_MODE = wholemodule;
				SWIFT_OPTIMIZATION_LEVEL = "-O";
				VALIDATE_PRODUCT = YES;
			};
			name = Release;
		};
		D69C96C1232148990054CB6B /* Debug */ = {
			isa = XCBuildConfiguration;
			buildSettings = {
				ASSETCATALOG_COMPILER_APPICON_NAME = AppIcon;
				CODE_SIGN_STYLE = Automatic;
				DEVELOPMENT_TEAM = 34G7L6PXU6;
				INFOPLIST_FILE = "$(SRCROOT)/orderProject2/Supporting Files/Info.plist";
				LD_RUNPATH_SEARCH_PATHS = (
					"$(inherited)",
					"@executable_path/Frameworks",
				);
				PRODUCT_BUNDLE_IDENTIFIER = com.SantisCompany.orderProject2;
				PRODUCT_NAME = "$(TARGET_NAME)";
				SWIFT_VERSION = 5.0;
				TARGETED_DEVICE_FAMILY = "1,2";
			};
			name = Debug;
		};
		D69C96C2232148990054CB6B /* Release */ = {
			isa = XCBuildConfiguration;
			buildSettings = {
				ASSETCATALOG_COMPILER_APPICON_NAME = AppIcon;
				CODE_SIGN_STYLE = Automatic;
				DEVELOPMENT_TEAM = 34G7L6PXU6;
				INFOPLIST_FILE = "$(SRCROOT)/orderProject2/Supporting Files/Info.plist";
				LD_RUNPATH_SEARCH_PATHS = (
					"$(inherited)",
					"@executable_path/Frameworks",
				);
				PRODUCT_BUNDLE_IDENTIFIER = com.SantisCompany.orderProject2;
				PRODUCT_NAME = "$(TARGET_NAME)";
				SWIFT_VERSION = 5.0;
				TARGETED_DEVICE_FAMILY = "1,2";
			};
			name = Release;
		};
/* End XCBuildConfiguration section */

/* Begin XCConfigurationList section */
		D69C96A9232148970054CB6B /* Build configuration list for PBXProject "orderProject2" */ = {
			isa = XCConfigurationList;
			buildConfigurations = (
				D69C96BE232148990054CB6B /* Debug */,
				D69C96BF232148990054CB6B /* Release */,
			);
			defaultConfigurationIsVisible = 0;
			defaultConfigurationName = Release;
		};
		D69C96C0232148990054CB6B /* Build configuration list for PBXNativeTarget "orderProject2" */ = {
			isa = XCConfigurationList;
			buildConfigurations = (
				D69C96C1232148990054CB6B /* Debug */,
				D69C96C2232148990054CB6B /* Release */,
			);
			defaultConfigurationIsVisible = 0;
			defaultConfigurationName = Release;
		};
/* End XCConfigurationList section */
	};
	rootObject = D69C96A6232148970054CB6B /* Project object */;
}
