// !$*UTF8*$!
{
	archiveVersion = 1;
	classes = {
	};
	objectVersion = 51;
	objects = {

/* Begin PBXBuildFile section */
		2A242BFD234623F2008747FE /* DesignExtent.swift in Sources */ = {isa = PBXBuildFile; fileRef = 2A242BFC234623F2008747FE /* DesignExtent.swift */; };
		2A242C042346242D008747FE /* TableViewCell.swift in Sources */ = {isa = PBXBuildFile; fileRef = 2A242BFF2346242D008747FE /* TableViewCell.swift */; };
		2A242C052346242D008747FE /* CollectionViewCell.swift in Sources */ = {isa = PBXBuildFile; fileRef = 2A242C002346242D008747FE /* CollectionViewCell.swift */; };
		2A242C062346242D008747FE /* CollectionView.swift in Sources */ = {isa = PBXBuildFile; fileRef = 2A242C012346242D008747FE /* CollectionView.swift */; };
		2A242C072346242D008747FE /* BillToPay.swift in Sources */ = {isa = PBXBuildFile; fileRef = 2A242C022346242D008747FE /* BillToPay.swift */; };
		2A242C082346242D008747FE /* TableView.swift in Sources */ = {isa = PBXBuildFile; fileRef = 2A242C032346242D008747FE /* TableView.swift */; };
		2A242C0B23463313008747FE /* BillUtil.swift in Sources */ = {isa = PBXBuildFile; fileRef = 2A242C0923463313008747FE /* BillUtil.swift */; };
		2A242C0C23463313008747FE /* BillModal.swift in Sources */ = {isa = PBXBuildFile; fileRef = 2A242C0A23463313008747FE /* BillModal.swift */; };
		2A38CFBE232FB8BE0023152B /* ProgressHUD.m in Sources */ = {isa = PBXBuildFile; fileRef = 2A38CFB7232FB8BD0023152B /* ProgressHUD.m */; };
		2A38CFBF232FB8BE0023152B /* GoogleService-Info.plist in Resources */ = {isa = PBXBuildFile; fileRef = 2A38CFB8232FB8BD0023152B /* GoogleService-Info.plist */; };
		2A38CFC0232FB8BE0023152B /* AppDelegate.swift in Sources */ = {isa = PBXBuildFile; fileRef = 2A38CFBB232FB8BD0023152B /* AppDelegate.swift */; };
		2A38CFC2232FB8BE0023152B /* ProgressHUD.bundle in Resources */ = {isa = PBXBuildFile; fileRef = 2A38CFBD232FB8BE0023152B /* ProgressHUD.bundle */; };
		2A38CFC6232FB9C90023152B /* TableUtils.swift in Sources */ = {isa = PBXBuildFile; fileRef = 2A38CFC4232FB9C90023152B /* TableUtils.swift */; };
		2A38CFC7232FB9C90023152B /* TableItemModel.swift in Sources */ = {isa = PBXBuildFile; fileRef = 2A38CFC5232FB9C90023152B /* TableItemModel.swift */; };
		2A38CFCF232FB9E70023152B /* tableCollectionViewCell.swift in Sources */ = {isa = PBXBuildFile; fileRef = 2A38CFC9232FB9E70023152B /* tableCollectionViewCell.swift */; };
		2A38CFD0232FB9E70023152B /* tableCollectionViewCell.xib in Resources */ = {isa = PBXBuildFile; fileRef = 2A38CFCA232FB9E70023152B /* tableCollectionViewCell.xib */; };
		2A38CFD1232FB9E70023152B /* floorCollectionViewCell.swift in Sources */ = {isa = PBXBuildFile; fileRef = 2A38CFCB232FB9E70023152B /* floorCollectionViewCell.swift */; };
		2A38CFD2232FB9E70023152B /* TableViewController.swift in Sources */ = {isa = PBXBuildFile; fileRef = 2A38CFCC232FB9E70023152B /* TableViewController.swift */; };
		2A38CFD3232FB9E70023152B /* popUpViewController.swift in Sources */ = {isa = PBXBuildFile; fileRef = 2A38CFCD232FB9E70023152B /* popUpViewController.swift */; };
		2A38CFD4232FB9E70023152B /* floorCollectionViewCell.xib in Resources */ = {isa = PBXBuildFile; fileRef = 2A38CFCE232FB9E70023152B /* floorCollectionViewCell.xib */; };
		2A52D3AB231028C8005DA184 /* Main.storyboard in Resources */ = {isa = PBXBuildFile; fileRef = 2A52D3A9231028C8005DA184 /* Main.storyboard */; };
		2A52D3AD231028C9005DA184 /* Assets.xcassets in Resources */ = {isa = PBXBuildFile; fileRef = 2A52D3AC231028C9005DA184 /* Assets.xcassets */; };
		2A52D3B0231028C9005DA184 /* LaunchScreen.storyboard in Resources */ = {isa = PBXBuildFile; fileRef = 2A52D3AE231028C9005DA184 /* LaunchScreen.storyboard */; };
		2A52D3BB231028C9005DA184 /* OrderNowTests.swift in Sources */ = {isa = PBXBuildFile; fileRef = 2A52D3BA231028C9005DA184 /* OrderNowTests.swift */; };
		2A52D3C6231028C9005DA184 /* OrderNowUITests.swift in Sources */ = {isa = PBXBuildFile; fileRef = 2A52D3C5231028C9005DA184 /* OrderNowUITests.swift */; };
		2A9B437C2338EEFD006A2E19 /* MonAnModal.swift in Sources */ = {isa = PBXBuildFile; fileRef = 2A9B43792338EEFD006A2E19 /* MonAnModal.swift */; };
		2A9B437D2338EEFD006A2E19 /* MonAnUtils.swift in Sources */ = {isa = PBXBuildFile; fileRef = 2A9B437A2338EEFD006A2E19 /* MonAnUtils.swift */; };
		2A9B437E2338EEFD006A2E19 /* OderModal.swift in Sources */ = {isa = PBXBuildFile; fileRef = 2A9B437B2338EEFD006A2E19 /* OderModal.swift */; };
		2A9B438D2338EF5F006A2E19 /* TabBarViewCell.swift in Sources */ = {isa = PBXBuildFile; fileRef = 2A9B43852338EF5F006A2E19 /* TabBarViewCell.swift */; };
		2A9B438E2338EF5F006A2E19 /* TabBarViewCell.xib in Resources */ = {isa = PBXBuildFile; fileRef = 2A9B43862338EF5F006A2E19 /* TabBarViewCell.xib */; };
		2A9B438F2338EF5F006A2E19 /* ListOderCustomView.swift in Sources */ = {isa = PBXBuildFile; fileRef = 2A9B43872338EF5F006A2E19 /* ListOderCustomView.swift */; };
		2A9B43902338EF5F006A2E19 /* ListOrderTableViewCell.swift in Sources */ = {isa = PBXBuildFile; fileRef = 2A9B43882338EF5F006A2E19 /* ListOrderTableViewCell.swift */; };
		2A9B43992338F2E1006A2E19 /* HomePageController.swift in Sources */ = {isa = PBXBuildFile; fileRef = 2A9B43972338F2E1006A2E19 /* HomePageController.swift */; };
		2A9B439A2338F2E1006A2E19 /* HomePageController.xib in Resources */ = {isa = PBXBuildFile; fileRef = 2A9B43982338F2E1006A2E19 /* HomePageController.xib */; };
		2A9B439E2338F42D006A2E19 /* ListFoodViewCell.swift in Sources */ = {isa = PBXBuildFile; fileRef = 2A9B439C2338F42D006A2E19 /* ListFoodViewCell.swift */; };
		2A9B439F2338F42D006A2E19 /* ListFoodViewCell.xib in Resources */ = {isa = PBXBuildFile; fileRef = 2A9B439D2338F42D006A2E19 /* ListFoodViewCell.xib */; };
		2F0A7355236C56D6008F2F78 /* ListBookBeforeComeViewController.swift in Sources */ = {isa = PBXBuildFile; fileRef = 2F0A7354236C56D6008F2F78 /* ListBookBeforeComeViewController.swift */; };
		2F0A7357236C6A90008F2F78 /* ListBookingTableView.swift in Sources */ = {isa = PBXBuildFile; fileRef = 2F0A7356236C6A90008F2F78 /* ListBookingTableView.swift */; };
		2F0A7359236C6F24008F2F78 /* ListBookingTableViewCell.swift in Sources */ = {isa = PBXBuildFile; fileRef = 2F0A7358236C6F24008F2F78 /* ListBookingTableViewCell.swift */; };
		2F0A735B236C7283008F2F78 /* BookingBeforeModal.swift in Sources */ = {isa = PBXBuildFile; fileRef = 2F0A735A236C7283008F2F78 /* BookingBeforeModal.swift */; };
		2F0A735D236C7445008F2F78 /* BookingBeforeUtils.swift in Sources */ = {isa = PBXBuildFile; fileRef = 2F0A735C236C7445008F2F78 /* BookingBeforeUtils.swift */; };
		2F19158C23798DB2004C7784 /* BookBeforeComeViewController.swift in Sources */ = {isa = PBXBuildFile; fileRef = 2F19158B23798DB2004C7784 /* BookBeforeComeViewController.swift */; };
		840235512323392000DAE7E4 /* UIViewControllerExtension .swift in Sources */ = {isa = PBXBuildFile; fileRef = 840235502323392000DAE7E4 /* UIViewControllerExtension .swift */; };
		840235532323396100DAE7E4 /* UITextFieldExtension.swift in Sources */ = {isa = PBXBuildFile; fileRef = 840235522323396100DAE7E4 /* UITextFieldExtension.swift */; };
		8402355623233A5200DAE7E4 /* AuthorizationService.swift in Sources */ = {isa = PBXBuildFile; fileRef = 8402355523233A5200DAE7E4 /* AuthorizationService.swift */; };
		843B2C5A231402D800D5377F /* LoginViewController.swift in Sources */ = {isa = PBXBuildFile; fileRef = 843B2C58231402D800D5377F /* LoginViewController.swift */; };
		843B2C5B231402D800D5377F /* LoginViewController.xib in Resources */ = {isa = PBXBuildFile; fileRef = 843B2C59231402D800D5377F /* LoginViewController.xib */; };
		8478222B232B989C009D7D58 /* LocationSupportViewController.swift in Sources */ = {isa = PBXBuildFile; fileRef = 84782229232B989C009D7D58 /* LocationSupportViewController.swift */; };
		8478222C232B989C009D7D58 /* LocationSupportViewController.xib in Resources */ = {isa = PBXBuildFile; fileRef = 8478222A232B989C009D7D58 /* LocationSupportViewController.xib */; };
		84782230232BCB6F009D7D58 /* StackViewExtension.swift in Sources */ = {isa = PBXBuildFile; fileRef = 8478222F232BCB6F009D7D58 /* StackViewExtension.swift */; };
		84782232232BDA7D009D7D58 /* PagingCollectionView.swift in Sources */ = {isa = PBXBuildFile; fileRef = 84782231232BDA7D009D7D58 /* PagingCollectionView.swift */; };
		8495E77823273B180082ED10 /* LoginOutput.swift in Sources */ = {isa = PBXBuildFile; fileRef = 8495E77723273B180082ED10 /* LoginOutput.swift */; };
		84AC1CC8231414A0007AA443 /* ViewController.swift in Sources */ = {isa = PBXBuildFile; fileRef = 84AC1CC7231414A0007AA443 /* ViewController.swift */; };
		84AC1CCA23141CF9007AA443 /* Pods_OrderNow.framework in Frameworks */ = {isa = PBXBuildFile; fileRef = 84AC1CC923141CF9007AA443 /* Pods_OrderNow.framework */; };
		84AC24D223325477000F0C14 /* BookingService.swift in Sources */ = {isa = PBXBuildFile; fileRef = 84AC24D123325477000F0C14 /* BookingService.swift */; };
		84AC24D523325508000F0C14 /* DetailTableOutput.swift in Sources */ = {isa = PBXBuildFile; fileRef = 84AC24D423325508000F0C14 /* DetailTableOutput.swift */; };
		84AC24D723325FD3000F0C14 /* BookingTableOutput.swift in Sources */ = {isa = PBXBuildFile; fileRef = 84AC24D623325FD3000F0C14 /* BookingTableOutput.swift */; };
		84BA8313232CB8CB00F87DDE /* BannerHomeCollectionViewCell.swift in Sources */ = {isa = PBXBuildFile; fileRef = 84BA8311232CB8CB00F87DDE /* BannerHomeCollectionViewCell.swift */; };
		84BA8314232CB8CB00F87DDE /* BannerHomeCollectionViewCell.xib in Resources */ = {isa = PBXBuildFile; fileRef = 84BA8312232CB8CB00F87DDE /* BannerHomeCollectionViewCell.xib */; };
		84BC0BC0232925630095BEB7 /* QRScannerView.swift in Sources */ = {isa = PBXBuildFile; fileRef = 84BC0BBF232925630095BEB7 /* QRScannerView.swift */; };
		84BC0BC8232927CF0095BEB7 /* HomeUserViewController.swift in Sources */ = {isa = PBXBuildFile; fileRef = 84BC0BC6232927CF0095BEB7 /* HomeUserViewController.swift */; };
		84BC0BC9232927CF0095BEB7 /* HomeUserViewController.xib in Resources */ = {isa = PBXBuildFile; fileRef = 84BC0BC7232927CF0095BEB7 /* HomeUserViewController.xib */; };
		84BC0BCD232928CC0095BEB7 /* QRScannerViewController.swift in Sources */ = {isa = PBXBuildFile; fileRef = 84BC0BCB232928CC0095BEB7 /* QRScannerViewController.swift */; };
		84BC0BCE232928CC0095BEB7 /* QRScannerViewController.xib in Resources */ = {isa = PBXBuildFile; fileRef = 84BC0BCC232928CC0095BEB7 /* QRScannerViewController.xib */; };
		84DF56FB232B43D300C6FD4E /* GradientView.swift in Sources */ = {isa = PBXBuildFile; fileRef = 84DF56FA232B43D300C6FD4E /* GradientView.swift */; };
		D630483F236EE00E0080E382 /* popUpUtilsViewController.swift in Sources */ = {isa = PBXBuildFile; fileRef = D630483D236EE00E0080E382 /* popUpUtilsViewController.swift */; };
		D6304840236EE00E0080E382 /* popUpUtilsViewController.xib in Resources */ = {isa = PBXBuildFile; fileRef = D630483E236EE00E0080E382 /* popUpUtilsViewController.xib */; };
		84FE33BF23608A5B00F2E2CE /* EarningsModel.swift in Sources */ = {isa = PBXBuildFile; fileRef = 84FE33BE23608A5B00F2E2CE /* EarningsModel.swift */; };
		84FE33C123608A7100F2E2CE /* EarningsUtil.swift in Sources */ = {isa = PBXBuildFile; fileRef = 84FE33C023608A7100F2E2CE /* EarningsUtil.swift */; };
/* End PBXBuildFile section */

/* Begin PBXContainerItemProxy section */
		2A52D3B7231028C9005DA184 /* PBXContainerItemProxy */ = {
			isa = PBXContainerItemProxy;
			containerPortal = 2A52D39A231028C8005DA184 /* Project object */;
			proxyType = 1;
			remoteGlobalIDString = 2A52D3A1231028C8005DA184;
			remoteInfo = OrderNow;
		};
		2A52D3C2231028C9005DA184 /* PBXContainerItemProxy */ = {
			isa = PBXContainerItemProxy;
			containerPortal = 2A52D39A231028C8005DA184 /* Project object */;
			proxyType = 1;
			remoteGlobalIDString = 2A52D3A1231028C8005DA184;
			remoteInfo = OrderNow;
		};
/* End PBXContainerItemProxy section */

/* Begin PBXFileReference section */
		174F9252E2F997B3A5BE891E /* Pods_OrderNow.framework */ = {isa = PBXFileReference; explicitFileType = wrapper.framework; includeInIndex = 0; path = Pods_OrderNow.framework; sourceTree = BUILT_PRODUCTS_DIR; };
		2A242BFC234623F2008747FE /* DesignExtent.swift */ = {isa = PBXFileReference; fileEncoding = 4; lastKnownFileType = sourcecode.swift; path = DesignExtent.swift; sourceTree = "<group>"; };
		2A242BFF2346242D008747FE /* TableViewCell.swift */ = {isa = PBXFileReference; fileEncoding = 4; lastKnownFileType = sourcecode.swift; path = TableViewCell.swift; sourceTree = "<group>"; };
		2A242C002346242D008747FE /* CollectionViewCell.swift */ = {isa = PBXFileReference; fileEncoding = 4; lastKnownFileType = sourcecode.swift; path = CollectionViewCell.swift; sourceTree = "<group>"; };
		2A242C012346242D008747FE /* CollectionView.swift */ = {isa = PBXFileReference; fileEncoding = 4; lastKnownFileType = sourcecode.swift; path = CollectionView.swift; sourceTree = "<group>"; };
		2A242C022346242D008747FE /* BillToPay.swift */ = {isa = PBXFileReference; fileEncoding = 4; lastKnownFileType = sourcecode.swift; path = BillToPay.swift; sourceTree = "<group>"; };
		2A242C032346242D008747FE /* TableView.swift */ = {isa = PBXFileReference; fileEncoding = 4; lastKnownFileType = sourcecode.swift; path = TableView.swift; sourceTree = "<group>"; };
		2A242C0923463313008747FE /* BillUtil.swift */ = {isa = PBXFileReference; fileEncoding = 4; lastKnownFileType = sourcecode.swift; path = BillUtil.swift; sourceTree = "<group>"; };
		2A242C0A23463313008747FE /* BillModal.swift */ = {isa = PBXFileReference; fileEncoding = 4; lastKnownFileType = sourcecode.swift; path = BillModal.swift; sourceTree = "<group>"; };
		2A38CFB6232FB8BD0023152B /* OrderNow-Bridging-Header.h */ = {isa = PBXFileReference; lastKnownFileType = sourcecode.c.h; path = "OrderNow-Bridging-Header.h"; sourceTree = "<group>"; };
		2A38CFB7232FB8BD0023152B /* ProgressHUD.m */ = {isa = PBXFileReference; fileEncoding = 4; lastKnownFileType = sourcecode.c.objc; path = ProgressHUD.m; sourceTree = "<group>"; };
		2A38CFB8232FB8BD0023152B /* GoogleService-Info.plist */ = {isa = PBXFileReference; fileEncoding = 4; lastKnownFileType = text.plist.xml; path = "GoogleService-Info.plist"; sourceTree = "<group>"; };
		2A38CFBA232FB8BD0023152B /* ProgressHUD.h */ = {isa = PBXFileReference; fileEncoding = 4; lastKnownFileType = sourcecode.c.h; path = ProgressHUD.h; sourceTree = "<group>"; };
		2A38CFBB232FB8BD0023152B /* AppDelegate.swift */ = {isa = PBXFileReference; fileEncoding = 4; lastKnownFileType = sourcecode.swift; path = AppDelegate.swift; sourceTree = "<group>"; };
		2A38CFBC232FB8BE0023152B /* Info.plist */ = {isa = PBXFileReference; fileEncoding = 4; lastKnownFileType = text.plist.xml; path = Info.plist; sourceTree = "<group>"; };
		2A38CFBD232FB8BE0023152B /* ProgressHUD.bundle */ = {isa = PBXFileReference; lastKnownFileType = "wrapper.plug-in"; path = ProgressHUD.bundle; sourceTree = "<group>"; };
		2A38CFC4232FB9C90023152B /* TableUtils.swift */ = {isa = PBXFileReference; fileEncoding = 4; lastKnownFileType = sourcecode.swift; path = TableUtils.swift; sourceTree = "<group>"; };
		2A38CFC5232FB9C90023152B /* TableItemModel.swift */ = {isa = PBXFileReference; fileEncoding = 4; lastKnownFileType = sourcecode.swift; path = TableItemModel.swift; sourceTree = "<group>"; };
		2A38CFC9232FB9E70023152B /* tableCollectionViewCell.swift */ = {isa = PBXFileReference; fileEncoding = 4; lastKnownFileType = sourcecode.swift; path = tableCollectionViewCell.swift; sourceTree = "<group>"; };
		2A38CFCA232FB9E70023152B /* tableCollectionViewCell.xib */ = {isa = PBXFileReference; fileEncoding = 4; lastKnownFileType = file.xib; path = tableCollectionViewCell.xib; sourceTree = "<group>"; };
		2A38CFCB232FB9E70023152B /* floorCollectionViewCell.swift */ = {isa = PBXFileReference; fileEncoding = 4; lastKnownFileType = sourcecode.swift; path = floorCollectionViewCell.swift; sourceTree = "<group>"; };
		2A38CFCC232FB9E70023152B /* TableViewController.swift */ = {isa = PBXFileReference; fileEncoding = 4; lastKnownFileType = sourcecode.swift; path = TableViewController.swift; sourceTree = "<group>"; };
		2A38CFCD232FB9E70023152B /* popUpViewController.swift */ = {isa = PBXFileReference; fileEncoding = 4; lastKnownFileType = sourcecode.swift; path = popUpViewController.swift; sourceTree = "<group>"; };
		2A38CFCE232FB9E70023152B /* floorCollectionViewCell.xib */ = {isa = PBXFileReference; fileEncoding = 4; lastKnownFileType = file.xib; path = floorCollectionViewCell.xib; sourceTree = "<group>"; };
		2A52D3A2231028C8005DA184 /* OrderNow.app */ = {isa = PBXFileReference; explicitFileType = wrapper.application; includeInIndex = 0; path = OrderNow.app; sourceTree = BUILT_PRODUCTS_DIR; };
		2A52D3AA231028C8005DA184 /* Base */ = {isa = PBXFileReference; lastKnownFileType = file.storyboard; name = Base; path = Base.lproj/Main.storyboard; sourceTree = "<group>"; };
		2A52D3AC231028C9005DA184 /* Assets.xcassets */ = {isa = PBXFileReference; lastKnownFileType = folder.assetcatalog; path = Assets.xcassets; sourceTree = "<group>"; };
		2A52D3AF231028C9005DA184 /* Base */ = {isa = PBXFileReference; lastKnownFileType = file.storyboard; name = Base; path = Base.lproj/LaunchScreen.storyboard; sourceTree = "<group>"; };
		2A52D3B6231028C9005DA184 /* OrderNowTests.xctest */ = {isa = PBXFileReference; explicitFileType = wrapper.cfbundle; includeInIndex = 0; path = OrderNowTests.xctest; sourceTree = BUILT_PRODUCTS_DIR; };
		2A52D3BA231028C9005DA184 /* OrderNowTests.swift */ = {isa = PBXFileReference; lastKnownFileType = sourcecode.swift; path = OrderNowTests.swift; sourceTree = "<group>"; };
		2A52D3BC231028C9005DA184 /* Info.plist */ = {isa = PBXFileReference; lastKnownFileType = text.plist.xml; path = Info.plist; sourceTree = "<group>"; };
		2A52D3C1231028C9005DA184 /* OrderNowUITests.xctest */ = {isa = PBXFileReference; explicitFileType = wrapper.cfbundle; includeInIndex = 0; path = OrderNowUITests.xctest; sourceTree = BUILT_PRODUCTS_DIR; };
		2A52D3C5231028C9005DA184 /* OrderNowUITests.swift */ = {isa = PBXFileReference; lastKnownFileType = sourcecode.swift; path = OrderNowUITests.swift; sourceTree = "<group>"; };
		2A52D3C7231028C9005DA184 /* Info.plist */ = {isa = PBXFileReference; lastKnownFileType = text.plist.xml; path = Info.plist; sourceTree = "<group>"; };
		2A9B43792338EEFD006A2E19 /* MonAnModal.swift */ = {isa = PBXFileReference; fileEncoding = 4; lastKnownFileType = sourcecode.swift; path = MonAnModal.swift; sourceTree = "<group>"; };
		2A9B437A2338EEFD006A2E19 /* MonAnUtils.swift */ = {isa = PBXFileReference; fileEncoding = 4; lastKnownFileType = sourcecode.swift; path = MonAnUtils.swift; sourceTree = "<group>"; };
		2A9B437B2338EEFD006A2E19 /* OderModal.swift */ = {isa = PBXFileReference; fileEncoding = 4; lastKnownFileType = sourcecode.swift; path = OderModal.swift; sourceTree = "<group>"; };
		2A9B43852338EF5F006A2E19 /* TabBarViewCell.swift */ = {isa = PBXFileReference; fileEncoding = 4; lastKnownFileType = sourcecode.swift; path = TabBarViewCell.swift; sourceTree = "<group>"; };
		2A9B43862338EF5F006A2E19 /* TabBarViewCell.xib */ = {isa = PBXFileReference; fileEncoding = 4; lastKnownFileType = file.xib; path = TabBarViewCell.xib; sourceTree = "<group>"; };
		2A9B43872338EF5F006A2E19 /* ListOderCustomView.swift */ = {isa = PBXFileReference; fileEncoding = 4; lastKnownFileType = sourcecode.swift; path = ListOderCustomView.swift; sourceTree = "<group>"; };
		2A9B43882338EF5F006A2E19 /* ListOrderTableViewCell.swift */ = {isa = PBXFileReference; fileEncoding = 4; lastKnownFileType = sourcecode.swift; path = ListOrderTableViewCell.swift; sourceTree = "<group>"; };
		2A9B43972338F2E1006A2E19 /* HomePageController.swift */ = {isa = PBXFileReference; fileEncoding = 4; lastKnownFileType = sourcecode.swift; path = HomePageController.swift; sourceTree = "<group>"; };
		2A9B43982338F2E1006A2E19 /* HomePageController.xib */ = {isa = PBXFileReference; fileEncoding = 4; lastKnownFileType = file.xib; path = HomePageController.xib; sourceTree = "<group>"; };
		2A9B439C2338F42D006A2E19 /* ListFoodViewCell.swift */ = {isa = PBXFileReference; fileEncoding = 4; lastKnownFileType = sourcecode.swift; path = ListFoodViewCell.swift; sourceTree = "<group>"; };
		2A9B439D2338F42D006A2E19 /* ListFoodViewCell.xib */ = {isa = PBXFileReference; fileEncoding = 4; lastKnownFileType = file.xib; path = ListFoodViewCell.xib; sourceTree = "<group>"; };
		2F0A7354236C56D6008F2F78 /* ListBookBeforeComeViewController.swift */ = {isa = PBXFileReference; lastKnownFileType = sourcecode.swift; path = ListBookBeforeComeViewController.swift; sourceTree = "<group>"; };
		2F0A7356236C6A90008F2F78 /* ListBookingTableView.swift */ = {isa = PBXFileReference; lastKnownFileType = sourcecode.swift; path = ListBookingTableView.swift; sourceTree = "<group>"; };
		2F0A7358236C6F24008F2F78 /* ListBookingTableViewCell.swift */ = {isa = PBXFileReference; lastKnownFileType = sourcecode.swift; path = ListBookingTableViewCell.swift; sourceTree = "<group>"; };
		2F0A735A236C7283008F2F78 /* BookingBeforeModal.swift */ = {isa = PBXFileReference; lastKnownFileType = sourcecode.swift; path = BookingBeforeModal.swift; sourceTree = "<group>"; };
		2F0A735C236C7445008F2F78 /* BookingBeforeUtils.swift */ = {isa = PBXFileReference; lastKnownFileType = sourcecode.swift; path = BookingBeforeUtils.swift; sourceTree = "<group>"; };
		2F19158B23798DB2004C7784 /* BookBeforeComeViewController.swift */ = {isa = PBXFileReference; lastKnownFileType = sourcecode.swift; path = BookBeforeComeViewController.swift; sourceTree = "<group>"; };
		3F9347A14CB02147C66B9CEC /* Pods-OrderNow.debug.xcconfig */ = {isa = PBXFileReference; includeInIndex = 1; lastKnownFileType = text.xcconfig; name = "Pods-OrderNow.debug.xcconfig"; path = "Target Support Files/Pods-OrderNow/Pods-OrderNow.debug.xcconfig"; sourceTree = "<group>"; };
		840235502323392000DAE7E4 /* UIViewControllerExtension .swift */ = {isa = PBXFileReference; lastKnownFileType = sourcecode.swift; path = "UIViewControllerExtension .swift"; sourceTree = "<group>"; };
		840235522323396100DAE7E4 /* UITextFieldExtension.swift */ = {isa = PBXFileReference; lastKnownFileType = sourcecode.swift; path = UITextFieldExtension.swift; sourceTree = "<group>"; };
		8402355523233A5200DAE7E4 /* AuthorizationService.swift */ = {isa = PBXFileReference; lastKnownFileType = sourcecode.swift; path = AuthorizationService.swift; sourceTree = "<group>"; };
		843B2C58231402D800D5377F /* LoginViewController.swift */ = {isa = PBXFileReference; lastKnownFileType = sourcecode.swift; path = LoginViewController.swift; sourceTree = "<group>"; };
		843B2C59231402D800D5377F /* LoginViewController.xib */ = {isa = PBXFileReference; lastKnownFileType = file.xib; path = LoginViewController.xib; sourceTree = "<group>"; };
		84782229232B989C009D7D58 /* LocationSupportViewController.swift */ = {isa = PBXFileReference; lastKnownFileType = sourcecode.swift; path = LocationSupportViewController.swift; sourceTree = "<group>"; };
		8478222A232B989C009D7D58 /* LocationSupportViewController.xib */ = {isa = PBXFileReference; lastKnownFileType = file.xib; path = LocationSupportViewController.xib; sourceTree = "<group>"; };
		8478222F232BCB6F009D7D58 /* StackViewExtension.swift */ = {isa = PBXFileReference; lastKnownFileType = sourcecode.swift; path = StackViewExtension.swift; sourceTree = "<group>"; };
		84782231232BDA7D009D7D58 /* PagingCollectionView.swift */ = {isa = PBXFileReference; lastKnownFileType = sourcecode.swift; path = PagingCollectionView.swift; sourceTree = "<group>"; };
		8495E77723273B180082ED10 /* LoginOutput.swift */ = {isa = PBXFileReference; lastKnownFileType = sourcecode.swift; path = LoginOutput.swift; sourceTree = "<group>"; };
		84AC1CC7231414A0007AA443 /* ViewController.swift */ = {isa = PBXFileReference; lastKnownFileType = sourcecode.swift; path = ViewController.swift; sourceTree = "<group>"; };
		84AC1CC923141CF9007AA443 /* Pods_OrderNow.framework */ = {isa = PBXFileReference; explicitFileType = wrapper.framework; path = Pods_OrderNow.framework; sourceTree = BUILT_PRODUCTS_DIR; };
		84AC24D123325477000F0C14 /* BookingService.swift */ = {isa = PBXFileReference; lastKnownFileType = sourcecode.swift; path = BookingService.swift; sourceTree = "<group>"; };
		84AC24D423325508000F0C14 /* DetailTableOutput.swift */ = {isa = PBXFileReference; lastKnownFileType = sourcecode.swift; path = DetailTableOutput.swift; sourceTree = "<group>"; };
		84AC24D623325FD3000F0C14 /* BookingTableOutput.swift */ = {isa = PBXFileReference; lastKnownFileType = sourcecode.swift; path = BookingTableOutput.swift; sourceTree = "<group>"; };
		84BA8311232CB8CB00F87DDE /* BannerHomeCollectionViewCell.swift */ = {isa = PBXFileReference; lastKnownFileType = sourcecode.swift; path = BannerHomeCollectionViewCell.swift; sourceTree = "<group>"; };
		84BA8312232CB8CB00F87DDE /* BannerHomeCollectionViewCell.xib */ = {isa = PBXFileReference; lastKnownFileType = file.xib; path = BannerHomeCollectionViewCell.xib; sourceTree = "<group>"; };
		84BC0BBF232925630095BEB7 /* QRScannerView.swift */ = {isa = PBXFileReference; fileEncoding = 4; lastKnownFileType = sourcecode.swift; path = QRScannerView.swift; sourceTree = "<group>"; };
		84BC0BC6232927CF0095BEB7 /* HomeUserViewController.swift */ = {isa = PBXFileReference; lastKnownFileType = sourcecode.swift; path = HomeUserViewController.swift; sourceTree = "<group>"; };
		84BC0BC7232927CF0095BEB7 /* HomeUserViewController.xib */ = {isa = PBXFileReference; lastKnownFileType = file.xib; path = HomeUserViewController.xib; sourceTree = "<group>"; };
		84BC0BCB232928CC0095BEB7 /* QRScannerViewController.swift */ = {isa = PBXFileReference; lastKnownFileType = sourcecode.swift; path = QRScannerViewController.swift; sourceTree = "<group>"; };
		84BC0BCC232928CC0095BEB7 /* QRScannerViewController.xib */ = {isa = PBXFileReference; lastKnownFileType = file.xib; path = QRScannerViewController.xib; sourceTree = "<group>"; };
		84DF56FA232B43D300C6FD4E /* GradientView.swift */ = {isa = PBXFileReference; lastKnownFileType = sourcecode.swift; path = GradientView.swift; sourceTree = "<group>"; };
		84FE33BE23608A5B00F2E2CE /* EarningsModel.swift */ = {isa = PBXFileReference; lastKnownFileType = sourcecode.swift; path = EarningsModel.swift; sourceTree = "<group>"; };
		84FE33C023608A7100F2E2CE /* EarningsUtil.swift */ = {isa = PBXFileReference; lastKnownFileType = sourcecode.swift; path = EarningsUtil.swift; sourceTree = "<group>"; };
		BC60A2CAB7DFAC6682AFBCDB /* Pods-OrderNow.release.xcconfig */ = {isa = PBXFileReference; includeInIndex = 1; lastKnownFileType = text.xcconfig; name = "Pods-OrderNow.release.xcconfig"; path = "Target Support Files/Pods-OrderNow/Pods-OrderNow.release.xcconfig"; sourceTree = "<group>"; };
		D630483D236EE00E0080E382 /* popUpUtilsViewController.swift */ = {isa = PBXFileReference; lastKnownFileType = sourcecode.swift; path = popUpUtilsViewController.swift; sourceTree = "<group>"; };
		D630483E236EE00E0080E382 /* popUpUtilsViewController.xib */ = {isa = PBXFileReference; lastKnownFileType = file.xib; path = popUpUtilsViewController.xib; sourceTree = "<group>"; };
/* End PBXFileReference section */

/* Begin PBXFrameworksBuildPhase section */
		2A52D39F231028C8005DA184 /* Frameworks */ = {
			isa = PBXFrameworksBuildPhase;
			buildActionMask = 2147483647;
			files = (
				84AC1CCA23141CF9007AA443 /* Pods_OrderNow.framework in Frameworks */,
			);
			runOnlyForDeploymentPostprocessing = 0;
		};
		2A52D3B3231028C9005DA184 /* Frameworks */ = {
			isa = PBXFrameworksBuildPhase;
			buildActionMask = 2147483647;
			files = (
			);
			runOnlyForDeploymentPostprocessing = 0;
		};
		2A52D3BE231028C9005DA184 /* Frameworks */ = {
			isa = PBXFrameworksBuildPhase;
			buildActionMask = 2147483647;
			files = (
			);
			runOnlyForDeploymentPostprocessing = 0;
		};
/* End PBXFrameworksBuildPhase section */

/* Begin PBXGroup section */
		2A242BFE23462406008747FE /* Billpay */ = {
			isa = PBXGroup;
			children = (
				2A242C0A23463313008747FE /* BillModal.swift */,
				2A242C0923463313008747FE /* BillUtil.swift */,
				2A242C022346242D008747FE /* BillToPay.swift */,
				2A242C012346242D008747FE /* CollectionView.swift */,
				2A242C002346242D008747FE /* CollectionViewCell.swift */,
				2A242C032346242D008747FE /* TableView.swift */,
				2A242BFF2346242D008747FE /* TableViewCell.swift */,
				84FE33BE23608A5B00F2E2CE /* EarningsModel.swift */,
				84FE33C023608A7100F2E2CE /* EarningsUtil.swift */,
			);
			path = Billpay;
			sourceTree = "<group>";
		};
		2A38CFB5232FB8930023152B /* Supporting Files */ = {
			isa = PBXGroup;
			children = (
				2A38CFBC232FB8BE0023152B /* Info.plist */,
				2A38CFBB232FB8BD0023152B /* AppDelegate.swift */,
				2A38CFB8232FB8BD0023152B /* GoogleService-Info.plist */,
				2A38CFBD232FB8BE0023152B /* ProgressHUD.bundle */,
				2A38CFBA232FB8BD0023152B /* ProgressHUD.h */,
				2A38CFB7232FB8BD0023152B /* ProgressHUD.m */,
				2A38CFB6232FB8BD0023152B /* OrderNow-Bridging-Header.h */,
			);
			path = "Supporting Files";
			sourceTree = "<group>";
		};
		2A38CFC3232FB9B90023152B /* modal */ = {
			isa = PBXGroup;
			children = (
				2A38CFC5232FB9C90023152B /* TableItemModel.swift */,
				2A38CFC4232FB9C90023152B /* TableUtils.swift */,
			);
			path = modal;
			sourceTree = "<group>";
		};
		2A38CFC8232FB9DC0023152B /* Controller */ = {
			isa = PBXGroup;
			children = (
				2A242BFE23462406008747FE /* Billpay */,
				2A38CFCB232FB9E70023152B /* floorCollectionViewCell.swift */,
				2A38CFCE232FB9E70023152B /* floorCollectionViewCell.xib */,
				2A38CFC9232FB9E70023152B /* tableCollectionViewCell.swift */,
				2A38CFCA232FB9E70023152B /* tableCollectionViewCell.xib */,
				2A38CFCD232FB9E70023152B /* popUpViewController.swift */,
				2A38CFCC232FB9E70023152B /* TableViewController.swift */,
				D630483D236EE00E0080E382 /* popUpUtilsViewController.swift */,
				D630483E236EE00E0080E382 /* popUpUtilsViewController.xib */,
			);
			path = Controller;
			sourceTree = "<group>";
		};
		2A52D399231028C8005DA184 = {
			isa = PBXGroup;
			children = (
				2A52D3A4231028C8005DA184 /* OrderNow */,
				2A52D3B9231028C9005DA184 /* OrderNowTests */,
				2A52D3C4231028C9005DA184 /* OrderNowUITests */,
				2A52D3A3231028C8005DA184 /* Products */,
				6F1B5522013E9F09F5F6902B /* Pods */,
				C5E2858DF6B230351410953D /* Frameworks */,
			);
			sourceTree = "<group>";
		};
		2A52D3A3231028C8005DA184 /* Products */ = {
			isa = PBXGroup;
			children = (
				2A52D3A2231028C8005DA184 /* OrderNow.app */,
				2A52D3B6231028C9005DA184 /* OrderNowTests.xctest */,
				2A52D3C1231028C9005DA184 /* OrderNowUITests.xctest */,
			);
			name = Products;
			sourceTree = "<group>";
		};
		2A52D3A4231028C8005DA184 /* OrderNow */ = {
			isa = PBXGroup;
			children = (
				2A38CFB5232FB8930023152B /* Supporting Files */,
				2A9B43782338EEFD006A2E19 /* Modal */,
				2F19158D23798E03004C7784 /* BookBeforeCome */,
				2F0A7353236C5676008F2F78 /* ListBookBeforeCome */,
				2A38CFC8232FB9DC0023152B /* Controller */,
				2A9B43832338EF5F006A2E19 /* OrderFoodPage */,
				2F17F409231029D100127C69 /* LoginPageController */,
				84CEEE82232FB5C20081870B /* Customer */,
				84BC0BBE232925480095BEB7 /* ViewCustom */,
				840235542323399900DAE7E4 /* Service */,
				8402354F232338A200DAE7E4 /* Extension */,
				2F17F4052310299E00127C69 /* Other */,
				2F17F4042310292D00127C69 /* View */,
				2A52D3AC231028C9005DA184 /* Assets.xcassets */,
			);
			path = OrderNow;
			sourceTree = "<group>";
		};
		2A52D3B9231028C9005DA184 /* OrderNowTests */ = {
			isa = PBXGroup;
			children = (
				2A52D3BA231028C9005DA184 /* OrderNowTests.swift */,
				2A52D3BC231028C9005DA184 /* Info.plist */,
			);
			path = OrderNowTests;
			sourceTree = "<group>";
		};
		2A52D3C4231028C9005DA184 /* OrderNowUITests */ = {
			isa = PBXGroup;
			children = (
				2A52D3C5231028C9005DA184 /* OrderNowUITests.swift */,
				2A52D3C7231028C9005DA184 /* Info.plist */,
			);
			path = OrderNowUITests;
			sourceTree = "<group>";
		};
		2A9B43782338EEFD006A2E19 /* Modal */ = {
			isa = PBXGroup;
			children = (
				2A38CFC3232FB9B90023152B /* modal */,
				2A9B43792338EEFD006A2E19 /* MonAnModal.swift */,
				2A9B437A2338EEFD006A2E19 /* MonAnUtils.swift */,
				2A9B437B2338EEFD006A2E19 /* OderModal.swift */,
				2F0A735A236C7283008F2F78 /* BookingBeforeModal.swift */,
				2F0A735C236C7445008F2F78 /* BookingBeforeUtils.swift */,
			);
			path = Modal;
			sourceTree = "<group>";
		};
		2A9B43832338EF5F006A2E19 /* OrderFoodPage */ = {
			isa = PBXGroup;
			children = (
				2FE321BC2338F9AC00419FE5 /* HomePage */,
				2FE321BB2338F99000419FE5 /* ListOder */,
				2A9B439B2338F42D006A2E19 /* ListFood */,
				2A9B43842338EF5F006A2E19 /* TopTabBar */,
			);
			path = OrderFoodPage;
			sourceTree = "<group>";
		};
		2A9B43842338EF5F006A2E19 /* TopTabBar */ = {
			isa = PBXGroup;
			children = (
				2A9B43852338EF5F006A2E19 /* TabBarViewCell.swift */,
				2A9B43862338EF5F006A2E19 /* TabBarViewCell.xib */,
			);
			path = TopTabBar;
			sourceTree = "<group>";
		};
		2A9B439B2338F42D006A2E19 /* ListFood */ = {
			isa = PBXGroup;
			children = (
				2A9B439C2338F42D006A2E19 /* ListFoodViewCell.swift */,
				2A9B439D2338F42D006A2E19 /* ListFoodViewCell.xib */,
			);
			path = ListFood;
			sourceTree = "<group>";
		};
		2F0A7353236C5676008F2F78 /* ListBookBeforeCome */ = {
			isa = PBXGroup;
			children = (
				2F0A7354236C56D6008F2F78 /* ListBookBeforeComeViewController.swift */,
				2F0A7356236C6A90008F2F78 /* ListBookingTableView.swift */,
				2F0A7358236C6F24008F2F78 /* ListBookingTableViewCell.swift */,
			);
			path = ListBookBeforeCome;
			sourceTree = "<group>";
		};
		2F17F4022310292600127C69 /* ViewController */ = {
			isa = PBXGroup;
			children = (
				84782228232B9867009D7D58 /* LocationSupport */,
				84BC0BCA2329289E0095BEB7 /* QRScannerPageController */,
				84BC0BC52329262F0095BEB7 /* HomePageController */,
				84AC1CC7231414A0007AA443 /* ViewController.swift */,
			);
			path = ViewController;
			sourceTree = "<group>";
		};
		2F17F4042310292D00127C69 /* View */ = {
			isa = PBXGroup;
			children = (
				2A52D3AE231028C9005DA184 /* LaunchScreen.storyboard */,
				2A52D3A9231028C8005DA184 /* Main.storyboard */,
			);
			path = View;
			sourceTree = "<group>";
		};
		2F17F4052310299E00127C69 /* Other */ = {
			isa = PBXGroup;
			children = (
			);
			path = Other;
			sourceTree = "<group>";
		};
		2F17F409231029D100127C69 /* LoginPageController */ = {
			isa = PBXGroup;
			children = (
				843B2C58231402D800D5377F /* LoginViewController.swift */,
				843B2C59231402D800D5377F /* LoginViewController.xib */,
			);
			path = LoginPageController;
			sourceTree = "<group>";
		};
		2F19158D23798E03004C7784 /* BookBeforeCome */ = {
			isa = PBXGroup;
			children = (
				2F19158B23798DB2004C7784 /* BookBeforeComeViewController.swift */,
			);
			path = BookBeforeCome;
			sourceTree = "<group>";
		};
		2FE321BB2338F99000419FE5 /* ListOder */ = {
			isa = PBXGroup;
			children = (
				2A9B43872338EF5F006A2E19 /* ListOderCustomView.swift */,
				2A9B43882338EF5F006A2E19 /* ListOrderTableViewCell.swift */,
			);
			path = ListOder;
			sourceTree = "<group>";
		};
		2FE321BC2338F9AC00419FE5 /* HomePage */ = {
			isa = PBXGroup;
			children = (
				2A9B43972338F2E1006A2E19 /* HomePageController.swift */,
				2A9B43982338F2E1006A2E19 /* HomePageController.xib */,
			);
			path = HomePage;
			sourceTree = "<group>";
		};
		6F1B5522013E9F09F5F6902B /* Pods */ = {
			isa = PBXGroup;
			children = (
				3F9347A14CB02147C66B9CEC /* Pods-OrderNow.debug.xcconfig */,
				BC60A2CAB7DFAC6682AFBCDB /* Pods-OrderNow.release.xcconfig */,
			);
			path = Pods;
			sourceTree = "<group>";
		};
		8402354F232338A200DAE7E4 /* Extension */ = {
			isa = PBXGroup;
			children = (
				2A242BFC234623F2008747FE /* DesignExtent.swift */,
				840235502323392000DAE7E4 /* UIViewControllerExtension .swift */,
				840235522323396100DAE7E4 /* UITextFieldExtension.swift */,
				8478222F232BCB6F009D7D58 /* StackViewExtension.swift */,
			);
			path = Extension;
			sourceTree = "<group>";
		};
		840235542323399900DAE7E4 /* Service */ = {
			isa = PBXGroup;
			children = (
				84AC24D023325405000F0C14 /* Booking */,
				84AC24CF233253F7000F0C14 /* Authorization */,
			);
			path = Service;
			sourceTree = "<group>";
		};
		84782228232B9867009D7D58 /* LocationSupport */ = {
			isa = PBXGroup;
			children = (
				84782229232B989C009D7D58 /* LocationSupportViewController.swift */,
				8478222A232B989C009D7D58 /* LocationSupportViewController.xib */,
			);
			path = LocationSupport;
			sourceTree = "<group>";
		};
		8495E77623273B000082ED10 /* Model */ = {
			isa = PBXGroup;
			children = (
				8495E77723273B180082ED10 /* LoginOutput.swift */,
			);
			path = Model;
			sourceTree = "<group>";
		};
		84AC24CF233253F7000F0C14 /* Authorization */ = {
			isa = PBXGroup;
			children = (
				8495E77623273B000082ED10 /* Model */,
				8402355523233A5200DAE7E4 /* AuthorizationService.swift */,
			);
			path = Authorization;
			sourceTree = "<group>";
		};
		84AC24D023325405000F0C14 /* Booking */ = {
			isa = PBXGroup;
			children = (
				84AC24D32332547C000F0C14 /* Model */,
				84AC24D123325477000F0C14 /* BookingService.swift */,
			);
			path = Booking;
			sourceTree = "<group>";
		};
		84AC24D32332547C000F0C14 /* Model */ = {
			isa = PBXGroup;
			children = (
				84AC24D423325508000F0C14 /* DetailTableOutput.swift */,
				84AC24D623325FD3000F0C14 /* BookingTableOutput.swift */,
			);
			path = Model;
			sourceTree = "<group>";
		};
		84BA830F232CB88F00F87DDE /* ViewCell */ = {
			isa = PBXGroup;
			children = (
				84BA8310232CB89900F87DDE /* HomePage */,
			);
			path = ViewCell;
			sourceTree = "<group>";
		};
		84BA8310232CB89900F87DDE /* HomePage */ = {
			isa = PBXGroup;
			children = (
				84BA8311232CB8CB00F87DDE /* BannerHomeCollectionViewCell.swift */,
				84BA8312232CB8CB00F87DDE /* BannerHomeCollectionViewCell.xib */,
			);
			path = HomePage;
			sourceTree = "<group>";
		};
		84BC0BBE232925480095BEB7 /* ViewCustom */ = {
			isa = PBXGroup;
			children = (
				84BC0BBF232925630095BEB7 /* QRScannerView.swift */,
				84DF56FA232B43D300C6FD4E /* GradientView.swift */,
				84782231232BDA7D009D7D58 /* PagingCollectionView.swift */,
			);
			path = ViewCustom;
			sourceTree = "<group>";
		};
		84BC0BC52329262F0095BEB7 /* HomePageController */ = {
			isa = PBXGroup;
			children = (
				84BC0BC6232927CF0095BEB7 /* HomeUserViewController.swift */,
				84BC0BC7232927CF0095BEB7 /* HomeUserViewController.xib */,
			);
			path = HomePageController;
			sourceTree = "<group>";
		};
		84BC0BCA2329289E0095BEB7 /* QRScannerPageController */ = {
			isa = PBXGroup;
			children = (
				84BC0BCB232928CC0095BEB7 /* QRScannerViewController.swift */,
				84BC0BCC232928CC0095BEB7 /* QRScannerViewController.xib */,
			);
			path = QRScannerPageController;
			sourceTree = "<group>";
		};
		84CEEE82232FB5C20081870B /* Customer */ = {
			isa = PBXGroup;
			children = (
				2F17F4022310292600127C69 /* ViewController */,
				84BA830F232CB88F00F87DDE /* ViewCell */,
			);
			path = Customer;
			sourceTree = "<group>";
		};
		C5E2858DF6B230351410953D /* Frameworks */ = {
			isa = PBXGroup;
			children = (
				84AC1CC923141CF9007AA443 /* Pods_OrderNow.framework */,
				174F9252E2F997B3A5BE891E /* Pods_OrderNow.framework */,
			);
			name = Frameworks;
			sourceTree = "<group>";
		};
/* End PBXGroup section */

/* Begin PBXNativeTarget section */
		2A52D3A1231028C8005DA184 /* OrderNow */ = {
			isa = PBXNativeTarget;
			buildConfigurationList = 2A52D3CA231028C9005DA184 /* Build configuration list for PBXNativeTarget "OrderNow" */;
			buildPhases = (
				4B72C96383060E9FABA11289 /* [CP] Check Pods Manifest.lock */,
				2A52D39E231028C8005DA184 /* Sources */,
				2A52D39F231028C8005DA184 /* Frameworks */,
				2A52D3A0231028C8005DA184 /* Resources */,
				ABF5D901C5E2BD921494F451 /* [CP] Embed Pods Frameworks */,
				B56F9BD1D74D4DC077C22609 /* [CP] Copy Pods Resources */,
			);
			buildRules = (
			);
			dependencies = (
			);
			name = OrderNow;
			productName = OrderNow;
			productReference = 2A52D3A2231028C8005DA184 /* OrderNow.app */;
			productType = "com.apple.product-type.application";
		};
		2A52D3B5231028C9005DA184 /* OrderNowTests */ = {
			isa = PBXNativeTarget;
			buildConfigurationList = 2A52D3CD231028C9005DA184 /* Build configuration list for PBXNativeTarget "OrderNowTests" */;
			buildPhases = (
				2A52D3B2231028C9005DA184 /* Sources */,
				2A52D3B3231028C9005DA184 /* Frameworks */,
				2A52D3B4231028C9005DA184 /* Resources */,
			);
			buildRules = (
			);
			dependencies = (
				2A52D3B8231028C9005DA184 /* PBXTargetDependency */,
			);
			name = OrderNowTests;
			productName = OrderNowTests;
			productReference = 2A52D3B6231028C9005DA184 /* OrderNowTests.xctest */;
			productType = "com.apple.product-type.bundle.unit-test";
		};
		2A52D3C0231028C9005DA184 /* OrderNowUITests */ = {
			isa = PBXNativeTarget;
			buildConfigurationList = 2A52D3D0231028C9005DA184 /* Build configuration list for PBXNativeTarget "OrderNowUITests" */;
			buildPhases = (
				2A52D3BD231028C9005DA184 /* Sources */,
				2A52D3BE231028C9005DA184 /* Frameworks */,
				2A52D3BF231028C9005DA184 /* Resources */,
			);
			buildRules = (
			);
			dependencies = (
				2A52D3C3231028C9005DA184 /* PBXTargetDependency */,
			);
			name = OrderNowUITests;
			productName = OrderNowUITests;
			productReference = 2A52D3C1231028C9005DA184 /* OrderNowUITests.xctest */;
			productType = "com.apple.product-type.bundle.ui-testing";
		};
/* End PBXNativeTarget section */

/* Begin PBXProject section */
		2A52D39A231028C8005DA184 /* Project object */ = {
			isa = PBXProject;
			attributes = {
				LastSwiftUpdateCheck = 1030;
				LastUpgradeCheck = 1030;
				ORGANIZATIONNAME = "Nguyen Thanh Phong";
				TargetAttributes = {
					2A52D3A1231028C8005DA184 = {
						CreatedOnToolsVersion = 10.3;
						LastSwiftMigration = 1030;
					};
					2A52D3B5231028C9005DA184 = {
						CreatedOnToolsVersion = 10.3;
						TestTargetID = 2A52D3A1231028C8005DA184;
					};
					2A52D3C0231028C9005DA184 = {
						CreatedOnToolsVersion = 10.3;
						TestTargetID = 2A52D3A1231028C8005DA184;
					};
				};
			};
			buildConfigurationList = 2A52D39D231028C8005DA184 /* Build configuration list for PBXProject "OrderNow" */;
			compatibilityVersion = "Xcode 9.3";
			developmentRegion = en;
			hasScannedForEncodings = 0;
			knownRegions = (
				en,
				Base,
			);
			mainGroup = 2A52D399231028C8005DA184;
			productRefGroup = 2A52D3A3231028C8005DA184 /* Products */;
			projectDirPath = "";
			projectRoot = "";
			targets = (
				2A52D3A1231028C8005DA184 /* OrderNow */,
				2A52D3B5231028C9005DA184 /* OrderNowTests */,
				2A52D3C0231028C9005DA184 /* OrderNowUITests */,
			);
		};
/* End PBXProject section */

/* Begin PBXResourcesBuildPhase section */
		2A52D3A0231028C8005DA184 /* Resources */ = {
			isa = PBXResourcesBuildPhase;
			buildActionMask = 2147483647;
			files = (
				2A9B439F2338F42D006A2E19 /* ListFoodViewCell.xib in Resources */,
				D6304840236EE00E0080E382 /* popUpUtilsViewController.xib in Resources */,
				84BC0BC9232927CF0095BEB7 /* HomeUserViewController.xib in Resources */,
				84BC0BCE232928CC0095BEB7 /* QRScannerViewController.xib in Resources */,
				843B2C5B231402D800D5377F /* LoginViewController.xib in Resources */,
				2A9B438E2338EF5F006A2E19 /* TabBarViewCell.xib in Resources */,
				2A52D3B0231028C9005DA184 /* LaunchScreen.storyboard in Resources */,
				2A9B439A2338F2E1006A2E19 /* HomePageController.xib in Resources */,
				84BA8314232CB8CB00F87DDE /* BannerHomeCollectionViewCell.xib in Resources */,
				8478222C232B989C009D7D58 /* LocationSupportViewController.xib in Resources */,
				2A38CFBF232FB8BE0023152B /* GoogleService-Info.plist in Resources */,
				2A38CFD0232FB9E70023152B /* tableCollectionViewCell.xib in Resources */,
				2A38CFC2232FB8BE0023152B /* ProgressHUD.bundle in Resources */,
				2A38CFD4232FB9E70023152B /* floorCollectionViewCell.xib in Resources */,
				2A52D3AD231028C9005DA184 /* Assets.xcassets in Resources */,
				2A52D3AB231028C8005DA184 /* Main.storyboard in Resources */,
			);
			runOnlyForDeploymentPostprocessing = 0;
		};
		2A52D3B4231028C9005DA184 /* Resources */ = {
			isa = PBXResourcesBuildPhase;
			buildActionMask = 2147483647;
			files = (
			);
			runOnlyForDeploymentPostprocessing = 0;
		};
		2A52D3BF231028C9005DA184 /* Resources */ = {
			isa = PBXResourcesBuildPhase;
			buildActionMask = 2147483647;
			files = (
			);
			runOnlyForDeploymentPostprocessing = 0;
		};
/* End PBXResourcesBuildPhase section */

/* Begin PBXShellScriptBuildPhase section */
		4B72C96383060E9FABA11289 /* [CP] Check Pods Manifest.lock */ = {
			isa = PBXShellScriptBuildPhase;
			buildActionMask = 2147483647;
			files = (
			);
			inputFileListPaths = (
			);
			inputPaths = (
				"${PODS_PODFILE_DIR_PATH}/Podfile.lock",
				"${PODS_ROOT}/Manifest.lock",
			);
			name = "[CP] Check Pods Manifest.lock";
			outputFileListPaths = (
			);
			outputPaths = (
				"$(DERIVED_FILE_DIR)/Pods-OrderNow-checkManifestLockResult.txt",
			);
			runOnlyForDeploymentPostprocessing = 0;
			shellPath = /bin/sh;
			shellScript = "diff \"${PODS_PODFILE_DIR_PATH}/Podfile.lock\" \"${PODS_ROOT}/Manifest.lock\" > /dev/null\nif [ $? != 0 ] ; then\n    # print error to STDERR\n    echo \"error: The sandbox is not in sync with the Podfile.lock. Run 'pod install' or update your CocoaPods installation.\" >&2\n    exit 1\nfi\n# This output is used by Xcode 'outputs' to avoid re-running this script phase.\necho \"SUCCESS\" > \"${SCRIPT_OUTPUT_FILE_0}\"\n";
			showEnvVarsInLog = 0;
		};
		ABF5D901C5E2BD921494F451 /* [CP] Embed Pods Frameworks */ = {
			isa = PBXShellScriptBuildPhase;
			buildActionMask = 2147483647;
			files = (
			);
			inputFileListPaths = (
				"${PODS_ROOT}/Target Support Files/Pods-OrderNow/Pods-OrderNow-frameworks-${CONFIGURATION}-input-files.xcfilelist",
			);
			name = "[CP] Embed Pods Frameworks";
			outputFileListPaths = (
				"${PODS_ROOT}/Target Support Files/Pods-OrderNow/Pods-OrderNow-frameworks-${CONFIGURATION}-output-files.xcfilelist",
			);
			runOnlyForDeploymentPostprocessing = 0;
			shellPath = /bin/sh;
			shellScript = "\"${PODS_ROOT}/Target Support Files/Pods-OrderNow/Pods-OrderNow-frameworks.sh\"\n";
			showEnvVarsInLog = 0;
		};
		B56F9BD1D74D4DC077C22609 /* [CP] Copy Pods Resources */ = {
			isa = PBXShellScriptBuildPhase;
			buildActionMask = 2147483647;
			files = (
			);
			inputFileListPaths = (
				"${PODS_ROOT}/Target Support Files/Pods-OrderNow/Pods-OrderNow-resources-${CONFIGURATION}-input-files.xcfilelist",
			);
			name = "[CP] Copy Pods Resources";
			outputFileListPaths = (
				"${PODS_ROOT}/Target Support Files/Pods-OrderNow/Pods-OrderNow-resources-${CONFIGURATION}-output-files.xcfilelist",
			);
			runOnlyForDeploymentPostprocessing = 0;
			shellPath = /bin/sh;
			shellScript = "\"${PODS_ROOT}/Target Support Files/Pods-OrderNow/Pods-OrderNow-resources.sh\"\n";
			showEnvVarsInLog = 0;
		};
/* End PBXShellScriptBuildPhase section */

/* Begin PBXSourcesBuildPhase section */
		2A52D39E231028C8005DA184 /* Sources */ = {
			isa = PBXSourcesBuildPhase;
			buildActionMask = 2147483647;
			files = (
				2F0A7355236C56D6008F2F78 /* ListBookBeforeComeViewController.swift in Sources */,
				2F0A7357236C6A90008F2F78 /* ListBookingTableView.swift in Sources */,
				84782232232BDA7D009D7D58 /* PagingCollectionView.swift in Sources */,
				2A38CFD2232FB9E70023152B /* TableViewController.swift in Sources */,
				2A242C052346242D008747FE /* CollectionViewCell.swift in Sources */,
				84AC24D723325FD3000F0C14 /* BookingTableOutput.swift in Sources */,
				2A9B43902338EF5F006A2E19 /* ListOrderTableViewCell.swift in Sources */,
				2A38CFD1232FB9E70023152B /* floorCollectionViewCell.swift in Sources */,
				2A242C042346242D008747FE /* TableViewCell.swift in Sources */,
				2A38CFC7232FB9C90023152B /* TableItemModel.swift in Sources */,
				84BA8313232CB8CB00F87DDE /* BannerHomeCollectionViewCell.swift in Sources */,
				2A242BFD234623F2008747FE /* DesignExtent.swift in Sources */,
				2A38CFD3232FB9E70023152B /* popUpViewController.swift in Sources */,
				84AC24D523325508000F0C14 /* DetailTableOutput.swift in Sources */,
				84BC0BCD232928CC0095BEB7 /* QRScannerViewController.swift in Sources */,
				2A9B437C2338EEFD006A2E19 /* MonAnModal.swift in Sources */,
				2F0A735B236C7283008F2F78 /* BookingBeforeModal.swift in Sources */,
				2A38CFC6232FB9C90023152B /* TableUtils.swift in Sources */,
				840235532323396100DAE7E4 /* UITextFieldExtension.swift in Sources */,
				2A38CFCF232FB9E70023152B /* tableCollectionViewCell.swift in Sources */,
				2A242C062346242D008747FE /* CollectionView.swift in Sources */,
				2F0A7359236C6F24008F2F78 /* ListBookingTableViewCell.swift in Sources */,
				2F19158C23798DB2004C7784 /* BookBeforeComeViewController.swift in Sources */,
				2A9B437E2338EEFD006A2E19 /* OderModal.swift in Sources */,
				84DF56FB232B43D300C6FD4E /* GradientView.swift in Sources */,
				84AC1CC8231414A0007AA443 /* ViewController.swift in Sources */,
				2A242C0C23463313008747FE /* BillModal.swift in Sources */,
				2A9B438D2338EF5F006A2E19 /* TabBarViewCell.swift in Sources */,
				84BC0BC8232927CF0095BEB7 /* HomeUserViewController.swift in Sources */,
				2A9B437D2338EEFD006A2E19 /* MonAnUtils.swift in Sources */,
				8495E77823273B180082ED10 /* LoginOutput.swift in Sources */,
				843B2C5A231402D800D5377F /* LoginViewController.swift in Sources */,
				84FE33BF23608A5B00F2E2CE /* EarningsModel.swift in Sources */,
				2A242C0B23463313008747FE /* BillUtil.swift in Sources */,
				8402355623233A5200DAE7E4 /* AuthorizationService.swift in Sources */,
				84FE33C123608A7100F2E2CE /* EarningsUtil.swift in Sources */,
				84AC24D223325477000F0C14 /* BookingService.swift in Sources */,
				2A9B438F2338EF5F006A2E19 /* ListOderCustomView.swift in Sources */,
				840235512323392000DAE7E4 /* UIViewControllerExtension .swift in Sources */,
				84782230232BCB6F009D7D58 /* StackViewExtension.swift in Sources */,
				2F0A735D236C7445008F2F78 /* BookingBeforeUtils.swift in Sources */,
				2A9B439E2338F42D006A2E19 /* ListFoodViewCell.swift in Sources */,
				84BC0BC0232925630095BEB7 /* QRScannerView.swift in Sources */,
				D630483F236EE00E0080E382 /* popUpUtilsViewController.swift in Sources */,
				2A38CFBE232FB8BE0023152B /* ProgressHUD.m in Sources */,
				2A242C082346242D008747FE /* TableView.swift in Sources */,
				2A242C072346242D008747FE /* BillToPay.swift in Sources */,
				2A9B43992338F2E1006A2E19 /* HomePageController.swift in Sources */,
				2A38CFC0232FB8BE0023152B /* AppDelegate.swift in Sources */,
				8478222B232B989C009D7D58 /* LocationSupportViewController.swift in Sources */,
			);
			runOnlyForDeploymentPostprocessing = 0;
		};
		2A52D3B2231028C9005DA184 /* Sources */ = {
			isa = PBXSourcesBuildPhase;
			buildActionMask = 2147483647;
			files = (
				2A52D3BB231028C9005DA184 /* OrderNowTests.swift in Sources */,
			);
			runOnlyForDeploymentPostprocessing = 0;
		};
		2A52D3BD231028C9005DA184 /* Sources */ = {
			isa = PBXSourcesBuildPhase;
			buildActionMask = 2147483647;
			files = (
				2A52D3C6231028C9005DA184 /* OrderNowUITests.swift in Sources */,
			);
			runOnlyForDeploymentPostprocessing = 0;
		};
/* End PBXSourcesBuildPhase section */

/* Begin PBXTargetDependency section */
		2A52D3B8231028C9005DA184 /* PBXTargetDependency */ = {
			isa = PBXTargetDependency;
			target = 2A52D3A1231028C8005DA184 /* OrderNow */;
			targetProxy = 2A52D3B7231028C9005DA184 /* PBXContainerItemProxy */;
		};
		2A52D3C3231028C9005DA184 /* PBXTargetDependency */ = {
			isa = PBXTargetDependency;
			target = 2A52D3A1231028C8005DA184 /* OrderNow */;
			targetProxy = 2A52D3C2231028C9005DA184 /* PBXContainerItemProxy */;
		};
/* End PBXTargetDependency section */

/* Begin PBXVariantGroup section */
		2A52D3A9231028C8005DA184 /* Main.storyboard */ = {
			isa = PBXVariantGroup;
			children = (
				2A52D3AA231028C8005DA184 /* Base */,
			);
			name = Main.storyboard;
			sourceTree = "<group>";
		};
		2A52D3AE231028C9005DA184 /* LaunchScreen.storyboard */ = {
			isa = PBXVariantGroup;
			children = (
				2A52D3AF231028C9005DA184 /* Base */,
			);
			name = LaunchScreen.storyboard;
			sourceTree = "<group>";
		};
/* End PBXVariantGroup section */

/* Begin XCBuildConfiguration section */
		2A52D3C8231028C9005DA184 /* Debug */ = {
			isa = XCBuildConfiguration;
			buildSettings = {
				ALWAYS_SEARCH_USER_PATHS = NO;
				CLANG_ANALYZER_NONNULL = YES;
				CLANG_ANALYZER_NUMBER_OBJECT_CONVERSION = YES_AGGRESSIVE;
				CLANG_CXX_LANGUAGE_STANDARD = "gnu++14";
				CLANG_CXX_LIBRARY = "libc++";
				CLANG_ENABLE_MODULES = YES;
				CLANG_ENABLE_OBJC_ARC = YES;
				CLANG_ENABLE_OBJC_WEAK = YES;
				CLANG_WARN_BLOCK_CAPTURE_AUTORELEASING = YES;
				CLANG_WARN_BOOL_CONVERSION = YES;
				CLANG_WARN_COMMA = YES;
				CLANG_WARN_CONSTANT_CONVERSION = YES;
				CLANG_WARN_DEPRECATED_OBJC_IMPLEMENTATIONS = YES;
				CLANG_WARN_DIRECT_OBJC_ISA_USAGE = YES_ERROR;
				CLANG_WARN_DOCUMENTATION_COMMENTS = YES;
				CLANG_WARN_EMPTY_BODY = YES;
				CLANG_WARN_ENUM_CONVERSION = YES;
				CLANG_WARN_INFINITE_RECURSION = YES;
				CLANG_WARN_INT_CONVERSION = YES;
				CLANG_WARN_NON_LITERAL_NULL_CONVERSION = YES;
				CLANG_WARN_OBJC_IMPLICIT_RETAIN_SELF = YES;
				CLANG_WARN_OBJC_LITERAL_CONVERSION = YES;
				CLANG_WARN_OBJC_ROOT_CLASS = YES_ERROR;
				CLANG_WARN_RANGE_LOOP_ANALYSIS = YES;
				CLANG_WARN_STRICT_PROTOTYPES = YES;
				CLANG_WARN_SUSPICIOUS_MOVE = YES;
				CLANG_WARN_UNGUARDED_AVAILABILITY = YES_AGGRESSIVE;
				CLANG_WARN_UNREACHABLE_CODE = YES;
				CLANG_WARN__DUPLICATE_METHOD_MATCH = YES;
				CODE_SIGN_IDENTITY = "iPhone Developer";
				COPY_PHASE_STRIP = NO;
				DEBUG_INFORMATION_FORMAT = dwarf;
				ENABLE_STRICT_OBJC_MSGSEND = YES;
				ENABLE_TESTABILITY = YES;
				GCC_C_LANGUAGE_STANDARD = gnu11;
				GCC_DYNAMIC_NO_PIC = NO;
				GCC_NO_COMMON_BLOCKS = YES;
				GCC_OPTIMIZATION_LEVEL = 0;
				GCC_PREPROCESSOR_DEFINITIONS = (
					"DEBUG=1",
					"$(inherited)",
				);
				GCC_WARN_64_TO_32_BIT_CONVERSION = YES;
				GCC_WARN_ABOUT_RETURN_TYPE = YES_ERROR;
				GCC_WARN_UNDECLARED_SELECTOR = YES;
				GCC_WARN_UNINITIALIZED_AUTOS = YES_AGGRESSIVE;
				GCC_WARN_UNUSED_FUNCTION = YES;
				GCC_WARN_UNUSED_VARIABLE = YES;
				IPHONEOS_DEPLOYMENT_TARGET = 11.0;
				MTL_ENABLE_DEBUG_INFO = INCLUDE_SOURCE;
				MTL_FAST_MATH = YES;
				ONLY_ACTIVE_ARCH = YES;
				SDKROOT = iphoneos;
				SWIFT_ACTIVE_COMPILATION_CONDITIONS = DEBUG;
				SWIFT_OPTIMIZATION_LEVEL = "-Onone";
			};
			name = Debug;
		};
		2A52D3C9231028C9005DA184 /* Release */ = {
			isa = XCBuildConfiguration;
			buildSettings = {
				ALWAYS_SEARCH_USER_PATHS = NO;
				CLANG_ANALYZER_NONNULL = YES;
				CLANG_ANALYZER_NUMBER_OBJECT_CONVERSION = YES_AGGRESSIVE;
				CLANG_CXX_LANGUAGE_STANDARD = "gnu++14";
				CLANG_CXX_LIBRARY = "libc++";
				CLANG_ENABLE_MODULES = YES;
				CLANG_ENABLE_OBJC_ARC = YES;
				CLANG_ENABLE_OBJC_WEAK = YES;
				CLANG_WARN_BLOCK_CAPTURE_AUTORELEASING = YES;
				CLANG_WARN_BOOL_CONVERSION = YES;
				CLANG_WARN_COMMA = YES;
				CLANG_WARN_CONSTANT_CONVERSION = YES;
				CLANG_WARN_DEPRECATED_OBJC_IMPLEMENTATIONS = YES;
				CLANG_WARN_DIRECT_OBJC_ISA_USAGE = YES_ERROR;
				CLANG_WARN_DOCUMENTATION_COMMENTS = YES;
				CLANG_WARN_EMPTY_BODY = YES;
				CLANG_WARN_ENUM_CONVERSION = YES;
				CLANG_WARN_INFINITE_RECURSION = YES;
				CLANG_WARN_INT_CONVERSION = YES;
				CLANG_WARN_NON_LITERAL_NULL_CONVERSION = YES;
				CLANG_WARN_OBJC_IMPLICIT_RETAIN_SELF = YES;
				CLANG_WARN_OBJC_LITERAL_CONVERSION = YES;
				CLANG_WARN_OBJC_ROOT_CLASS = YES_ERROR;
				CLANG_WARN_RANGE_LOOP_ANALYSIS = YES;
				CLANG_WARN_STRICT_PROTOTYPES = YES;
				CLANG_WARN_SUSPICIOUS_MOVE = YES;
				CLANG_WARN_UNGUARDED_AVAILABILITY = YES_AGGRESSIVE;
				CLANG_WARN_UNREACHABLE_CODE = YES;
				CLANG_WARN__DUPLICATE_METHOD_MATCH = YES;
				CODE_SIGN_IDENTITY = "iPhone Developer";
				COPY_PHASE_STRIP = NO;
				DEBUG_INFORMATION_FORMAT = "dwarf-with-dsym";
				ENABLE_NS_ASSERTIONS = NO;
				ENABLE_STRICT_OBJC_MSGSEND = YES;
				GCC_C_LANGUAGE_STANDARD = gnu11;
				GCC_NO_COMMON_BLOCKS = YES;
				GCC_WARN_64_TO_32_BIT_CONVERSION = YES;
				GCC_WARN_ABOUT_RETURN_TYPE = YES_ERROR;
				GCC_WARN_UNDECLARED_SELECTOR = YES;
				GCC_WARN_UNINITIALIZED_AUTOS = YES_AGGRESSIVE;
				GCC_WARN_UNUSED_FUNCTION = YES;
				GCC_WARN_UNUSED_VARIABLE = YES;
				IPHONEOS_DEPLOYMENT_TARGET = 11.0;
				MTL_ENABLE_DEBUG_INFO = NO;
				MTL_FAST_MATH = YES;
				SDKROOT = iphoneos;
				SWIFT_COMPILATION_MODE = wholemodule;
				SWIFT_OPTIMIZATION_LEVEL = "-O";
				VALIDATE_PRODUCT = YES;
			};
			name = Release;
		};
		2A52D3CB231028C9005DA184 /* Debug */ = {
			isa = XCBuildConfiguration;
			baseConfigurationReference = 3F9347A14CB02147C66B9CEC /* Pods-OrderNow.debug.xcconfig */;
			buildSettings = {
				ASSETCATALOG_COMPILER_APPICON_NAME = AppIcon;
				CLANG_ENABLE_MODULES = YES;
				CODE_SIGN_IDENTITY = "iPhone Developer";
				CODE_SIGN_STYLE = Automatic;
				DEVELOPMENT_TEAM = 34G7L6PXU6;
				INFOPLIST_FILE = "$(SRCROOT)/OrderNow/Supporting Files/Info.plist";
				IPHONEOS_DEPLOYMENT_TARGET = 12.4;
				LD_RUNPATH_SEARCH_PATHS = (
					"$(inherited)",
					"@executable_path/Frameworks",
				);
				OTHER_LDFLAGS = (
					"$(inherited)",
					"-framework",
					"\"FBSDKCoreKit\"",
					"-framework",
					"\"FBSDKLoginKit\"",
					"-framework",
					"\"FBSDKShareKit\"",
					"-framework",
					"\"FacebookCore\"",
					"-framework",
					"\"FacebookLogin\"",
					"-framework",
					"\"FacebookShare\"",
					"-framework",
					"\"SnapKit\"",
					"-weak_framework",
					"\"Accounts\"",
					"-weak_framework",
					"\"AudioToolbox\"",
					"-weak_framework",
					"\"CoreGraphics\"",
					"-weak_framework",
					"\"CoreLocation\"",
					"-weak_framework",
					"\"Foundation\"",
					"-weak_framework",
					"\"QuartzCore\"",
					"-weak_framework",
					"\"Security\"",
					"-weak_framework",
					"\"Social\"",
					"-weak_framework",
					"\"UIKit\"",
					"-ObjC",
				);
				PRODUCT_BUNDLE_IDENTIFIER = com.SantisCompany.ordernow3;
				PRODUCT_NAME = "$(TARGET_NAME)";
				PROVISIONING_PROFILE_SPECIFIER = "";
				SWIFT_OBJC_BRIDGING_HEADER = "OrderNow/Supporting Files/OrderNow-Bridging-Header.h";
				SWIFT_OPTIMIZATION_LEVEL = "-Onone";
				SWIFT_VERSION = 5.0;
				TARGETED_DEVICE_FAMILY = 1;
			};
			name = Debug;
		};
		2A52D3CC231028C9005DA184 /* Release */ = {
			isa = XCBuildConfiguration;
			baseConfigurationReference = BC60A2CAB7DFAC6682AFBCDB /* Pods-OrderNow.release.xcconfig */;
			buildSettings = {
				ASSETCATALOG_COMPILER_APPICON_NAME = AppIcon;
				CLANG_ENABLE_MODULES = YES;
				CODE_SIGN_IDENTITY = "iPhone Developer";
				CODE_SIGN_STYLE = Automatic;
				DEVELOPMENT_TEAM = 34G7L6PXU6;
				INFOPLIST_FILE = "$(SRCROOT)/OrderNow/Supporting Files/Info.plist";
				IPHONEOS_DEPLOYMENT_TARGET = 12.4;
				LD_RUNPATH_SEARCH_PATHS = (
					"$(inherited)",
					"@executable_path/Frameworks",
				);
				OTHER_LDFLAGS = (
					"$(inherited)",
					"-framework",
					"\"FBSDKCoreKit\"",
					"-framework",
					"\"FBSDKLoginKit\"",
					"-framework",
					"\"FBSDKShareKit\"",
					"-framework",
					"\"FacebookCore\"",
					"-framework",
					"\"FacebookLogin\"",
					"-framework",
					"\"FacebookShare\"",
					"-framework",
					"\"SnapKit\"",
					"-weak_framework",
					"\"Accounts\"",
					"-weak_framework",
					"\"AudioToolbox\"",
					"-weak_framework",
					"\"CoreGraphics\"",
					"-weak_framework",
					"\"CoreLocation\"",
					"-weak_framework",
					"\"Foundation\"",
					"-weak_framework",
					"\"QuartzCore\"",
					"-weak_framework",
					"\"Security\"",
					"-weak_framework",
					"\"Social\"",
					"-weak_framework",
					"\"UIKit\"",
					"-ObjC",
				);
				PRODUCT_BUNDLE_IDENTIFIER = com.SantisCompany.ordernow3;
				PRODUCT_NAME = "$(TARGET_NAME)";
				PROVISIONING_PROFILE_SPECIFIER = "";
				SWIFT_OBJC_BRIDGING_HEADER = "OrderNow/Supporting Files/OrderNow-Bridging-Header.h";
				SWIFT_VERSION = 5.0;
				TARGETED_DEVICE_FAMILY = 1;
			};
			name = Release;
		};
		2A52D3CE231028C9005DA184 /* Debug */ = {
			isa = XCBuildConfiguration;
			buildSettings = {
				ALWAYS_EMBED_SWIFT_STANDARD_LIBRARIES = YES;
				BUNDLE_LOADER = "$(TEST_HOST)";
				CODE_SIGN_STYLE = Automatic;
				DEVELOPMENT_TEAM = 3HFR4G54DV;
				INFOPLIST_FILE = OrderNowTests/Info.plist;
				LD_RUNPATH_SEARCH_PATHS = (
					"$(inherited)",
					"@executable_path/Frameworks",
					"@loader_path/Frameworks",
				);
				PRODUCT_BUNDLE_IDENTIFIER = com.dx137.OrderNowTests;
				PRODUCT_NAME = "$(TARGET_NAME)";
				SWIFT_VERSION = 5.0;
				TARGETED_DEVICE_FAMILY = "1,2";
				TEST_HOST = "$(BUILT_PRODUCTS_DIR)/OrderNow.app/OrderNow";
			};
			name = Debug;
		};
		2A52D3CF231028C9005DA184 /* Release */ = {
			isa = XCBuildConfiguration;
			buildSettings = {
				ALWAYS_EMBED_SWIFT_STANDARD_LIBRARIES = YES;
				BUNDLE_LOADER = "$(TEST_HOST)";
				CODE_SIGN_STYLE = Automatic;
				DEVELOPMENT_TEAM = 3HFR4G54DV;
				INFOPLIST_FILE = OrderNowTests/Info.plist;
				LD_RUNPATH_SEARCH_PATHS = (
					"$(inherited)",
					"@executable_path/Frameworks",
					"@loader_path/Frameworks",
				);
				PRODUCT_BUNDLE_IDENTIFIER = com.dx137.OrderNowTests;
				PRODUCT_NAME = "$(TARGET_NAME)";
				SWIFT_VERSION = 5.0;
				TARGETED_DEVICE_FAMILY = "1,2";
				TEST_HOST = "$(BUILT_PRODUCTS_DIR)/OrderNow.app/OrderNow";
			};
			name = Release;
		};
		2A52D3D1231028C9005DA184 /* Debug */ = {
			isa = XCBuildConfiguration;
			buildSettings = {
				ALWAYS_EMBED_SWIFT_STANDARD_LIBRARIES = YES;
				CODE_SIGN_STYLE = Automatic;
				DEVELOPMENT_TEAM = 3HFR4G54DV;
				INFOPLIST_FILE = OrderNowUITests/Info.plist;
				LD_RUNPATH_SEARCH_PATHS = (
					"$(inherited)",
					"@executable_path/Frameworks",
					"@loader_path/Frameworks",
				);
				PRODUCT_BUNDLE_IDENTIFIER = com.dx137.OrderNowUITests;
				PRODUCT_NAME = "$(TARGET_NAME)";
				SWIFT_VERSION = 5.0;
				TARGETED_DEVICE_FAMILY = "1,2";
				TEST_TARGET_NAME = OrderNow;
			};
			name = Debug;
		};
		2A52D3D2231028C9005DA184 /* Release */ = {
			isa = XCBuildConfiguration;
			buildSettings = {
				ALWAYS_EMBED_SWIFT_STANDARD_LIBRARIES = YES;
				CODE_SIGN_STYLE = Automatic;
				DEVELOPMENT_TEAM = 3HFR4G54DV;
				INFOPLIST_FILE = OrderNowUITests/Info.plist;
				LD_RUNPATH_SEARCH_PATHS = (
					"$(inherited)",
					"@executable_path/Frameworks",
					"@loader_path/Frameworks",
				);
				PRODUCT_BUNDLE_IDENTIFIER = com.dx137.OrderNowUITests;
				PRODUCT_NAME = "$(TARGET_NAME)";
				SWIFT_VERSION = 5.0;
				TARGETED_DEVICE_FAMILY = "1,2";
				TEST_TARGET_NAME = OrderNow;
			};
			name = Release;
		};
/* End XCBuildConfiguration section */

/* Begin XCConfigurationList section */
		2A52D39D231028C8005DA184 /* Build configuration list for PBXProject "OrderNow" */ = {
			isa = XCConfigurationList;
			buildConfigurations = (
				2A52D3C8231028C9005DA184 /* Debug */,
				2A52D3C9231028C9005DA184 /* Release */,
			);
			defaultConfigurationIsVisible = 0;
			defaultConfigurationName = Release;
		};
		2A52D3CA231028C9005DA184 /* Build configuration list for PBXNativeTarget "OrderNow" */ = {
			isa = XCConfigurationList;
			buildConfigurations = (
				2A52D3CB231028C9005DA184 /* Debug */,
				2A52D3CC231028C9005DA184 /* Release */,
			);
			defaultConfigurationIsVisible = 0;
			defaultConfigurationName = Release;
		};
		2A52D3CD231028C9005DA184 /* Build configuration list for PBXNativeTarget "OrderNowTests" */ = {
			isa = XCConfigurationList;
			buildConfigurations = (
				2A52D3CE231028C9005DA184 /* Debug */,
				2A52D3CF231028C9005DA184 /* Release */,
			);
			defaultConfigurationIsVisible = 0;
			defaultConfigurationName = Release;
		};
		2A52D3D0231028C9005DA184 /* Build configuration list for PBXNativeTarget "OrderNowUITests" */ = {
			isa = XCConfigurationList;
			buildConfigurations = (
				2A52D3D1231028C9005DA184 /* Debug */,
				2A52D3D2231028C9005DA184 /* Release */,
			);
			defaultConfigurationIsVisible = 0;
			defaultConfigurationName = Release;
		};
/* End XCConfigurationList section */
	};
	rootObject = 2A52D39A231028C8005DA184 /* Project object */;
}
