PODS:
  - FacebookCore (0.8.0):
    - FBSDKCoreKit (~> 5.0)
  - FacebookLogin (0.8.0):
    - FacebookCore (~> 0.8.0)
    - FBSDKCoreKit (~> 5.0)
    - FBSDKLoginKit (~> 5.0)
  - FacebookShare (0.8.0):
    - FacebookCore (~> 0.8.0)
    - FBSDKCoreKit (~> 5.0)
    - FBSDKShareKit (~> 5.0)
  - FBSDKCoreKit (5.4.1):
    - FBSDKCoreKit/Basics (= 5.4.1)
    - FBSDKCoreKit/Core (= 5.4.1)
  - FBSDKCoreKit/Basics (5.4.1)
  - FBSDKCoreKit/Core (5.4.1):
    - FBSDKCoreKit/Basics
  - FBSDKLoginKit (5.4.1):
    - FBSDKCoreKit (~> 5.0)
  - FBSDKShareKit (5.4.1):
    - FBSDKCoreKit (~> 5.0)
  - SnapKit (5.0.1)

DEPENDENCIES:
  - FacebookCore
  - FacebookLogin
  - FacebookShare
  - SnapKit (~> 5.0.0)

SPEC REPOS:
  https://github.com/CocoaPods/Specs.git:
    - FacebookCore
    - FacebookLogin
    - FacebookShare
    - FBSDKCoreKit
    - FBSDKLoginKit
    - FBSDKShareKit
    - SnapKit

SPEC CHECKSUMS:
  FacebookCore: 563bb4cbcd7dd86cf89f3729252140bf256aacaa
  FacebookLogin: 8b966ae661e95e7dba837d7cc49cc464ce003dba
  FacebookShare: e75d5e81ef7bd7aab2f865446c4c27015b43bae6
  FBSDKCoreKit: 5144671077d67f07d7d243dbc7fd57a171f73954
  FBSDKLoginKit: ff38b353b6843353f090028eb1b895c78aa82796
  FBSDKShareKit: dfea6d7a3683672fd8e50f453eaa754f922bf2b8
  SnapKit: 97b92857e3df3a0c71833cce143274bf6ef8e5eb

PODFILE CHECKSUM: dd8f37f44d3d34ad741d6858abaae9bcc4d194fc

COCOAPODS: 1.8.0.beta.1
